PODS:
  - AFNetworking (2.6.3):
    - AFNetworking/NSURLConnection (= 2.6.3)
    - AFNetworking/NSURLSession (= 2.6.3)
    - AFNetworking/Reachability (= 2.6.3)
    - AFNetworking/Security (= 2.6.3)
    - AFNetworking/Serialization (= 2.6.3)
    - AFNetworking/UIKit (= 2.6.3)
  - AFNetworking/NSURLConnection (2.6.3):
    - AFNetworking/Reachability
    - AFNetworking/Security
    - AFNetworking/Serialization
  - AFNetworking/NSURLSession (2.6.3):
    - AFNetworking/Reachability
    - AFNetworking/Security
    - AFNetworking/Serialization
  - AFNetworking/Reachability (2.6.3)
  - AFNetworking/Security (2.6.3)
  - AFNetworking/Serialization (2.6.3)
  - AFNetworking/UIKit (2.6.3):
    - AFNetworking/NSURLConnection
    - AFNetworking/NSURLSession
  - CocoaLumberjack (3.0.0):
    - CocoaLumberjack/Default (= 3.0.0)
    - CocoaLumberjack/Extensions (= 3.0.0)
  - CocoaLumberjack/Core (3.0.0)
  - CocoaLumberjack/Default (3.0.0):
    - CocoaLumberjack/Core
  - CocoaLumberjack/Extensions (3.0.0):
    - CocoaLumberjack/Default
  - DYAppearance (0.0.1)
  - DYCommonTools (0.0.1):
    - SSKeychain
  - Masonry (1.0.2)
  - MJRefresh (3.1.12)
  - SDAutoLayout (2.1.7)
  - SSKeychain (1.4.1)

DEPENDENCIES:
  - AFNetworking (~> 2.6)
  - CocoaLumberjack
  - DYAppearance (from `http://git.datayes.com/iOS-Library/DYAppearance.git`)
  - DYCommonTools (from `http://git.datayes.com/iOS-Library/DYCommonTools.git`)
  - Masonry (~> 1.0)
  - MJRefresh
  - SDAutoLayout
  - SSKeychain

EXTERNAL SOURCES:
  DYAppearance:
    :git: http://git.datayes.com/iOS-Library/DYAppearance.git
  DYCommonTools:
    :git: http://git.datayes.com/iOS-Library/DYCommonTools.git

CHECKOUT OPTIONS:
  DYAppearance:
    :commit: 5aa53644055e26236c8d1bda59f41571b4acc389
    :git: http://git.datayes.com/iOS-Library/DYAppearance.git
  DYCommonTools:
    :commit: b39a4fe3b60c60078cdc5fdc4907d958129bdfec
    :git: http://git.datayes.com/iOS-Library/DYCommonTools.git

SPEC CHECKSUMS:
  AFNetworking: cb8d14a848e831097108418f5d49217339d4eb60
  CocoaLumberjack: c823149bccc5519a9447aeb433be7b1212a7d6a5
  DYAppearance: 2f884f40996bf530223be7e0cbd4b792294c0e68
  DYCommonTools: b2e12e8abefacb353e87134f72d07934605a6e37
  Masonry: 7c429b56da9d4ee0bbb3ed77a5ea710d6a5df39e
  MJRefresh: b96cdb21c4aa75a7b07654311ab2f315c497e806
  SDAutoLayout: e9b36d04b8c0b504762a04d76fbbe5108944297a
  SSKeychain: 55cc80f66f5c73da827e3077f02e43528897db41

PODFILE CHECKSUM: 29d51fcc73ff51823332fb52930217f74d96323f

COCOAPODS: 1.1.0.beta.1
