// !$*UTF8*$!
{
	archiveVersion = 1;
	classes = {
	};
	objectVersion = 46;
	objects = {

/* Begin PBXBuildFile section */
		0B34A8FA1D8FB2F400F30B89 /* MyCenterRootViewController.m in Sources */ = {isa = PBXBuildFile; fileRef = 0B34A8F81D8FB2F400F30B89 /* MyCenterRootViewController.m */; };
		0B34A8FB1D8FB2F400F30B89 /* MyCenterRootViewController.storyboard in Resources */ = {isa = PBXBuildFile; fileRef = 0B34A8F91D8FB2F400F30B89 /* MyCenterRootViewController.storyboard */; };
		0BBF0C621D8FC31700C42A27 /* DYUserInfoHeadView.m in Sources */ = {isa = PBXBuildFile; fileRef = 0BBF0C601D8FC31700C42A27 /* DYUserInfoHeadView.m */; };
		0BBF0C631D8FC31700C42A27 /* DYUserInfoHeadView.xib in Resources */ = {isa = PBXBuildFile; fileRef = 0BBF0C611D8FC31700C42A27 /* DYUserInfoHeadView.xib */; };
		0BBF0C671D8FC40600C42A27 /* DYLoginUserInfo.m in Sources */ = {isa = PBXBuildFile; fileRef = 0BBF0C661D8FC40600C42A27 /* DYLoginUserInfo.m */; };
		0BC014391D89165000FED226 /* DYAppNotification.m in Sources */ = {isa = PBXBuildFile; fileRef = 0BC014381D89165000FED226 /* DYAppNotification.m */; };
		0BC2BE0E1D87D6BA0087F84D /* DYResetPasswordStep1Controller.m in Sources */ = {isa = PBXBuildFile; fileRef = 0BC2BE0A1D87D6BA0087F84D /* DYResetPasswordStep1Controller.m */; };
		0BC2BE0F1D87D6BA0087F84D /* DYResetPasswordStep2Controller.m in Sources */ = {isa = PBXBuildFile; fileRef = 0BC2BE0C1D87D6BA0087F84D /* DYResetPasswordStep2Controller.m */; };
		0BC2BE101D87D6BA0087F84D /* DYResetPasswordViewController.storyboard in Resources */ = {isa = PBXBuildFile; fileRef = 0BC2BE0D1D87D6BA0087F84D /* DYResetPasswordViewController.storyboard */; };
		0BC2BE151D87E0790087F84D /* MOALoginViewController.m in Sources */ = {isa = PBXBuildFile; fileRef = 0BC2BE141D87E0790087F84D /* MOALoginViewController.m */; };
		0BC2BE171D87E0D00087F84D /* MOALoginViewController.storyboard in Resources */ = {isa = PBXBuildFile; fileRef = 0BC2BE161D87E0D00087F84D /* MOALoginViewController.storyboard */; };
		0BC2BE251D87F4E60087F84D /* DYTextField.m in Sources */ = {isa = PBXBuildFile; fileRef = 0BC2BE241D87F4E60087F84D /* DYTextField.m */; };
		1C37B1C7BD13057FF6C49F3B /* Pods_moa.framework in Frameworks */ = {isa = PBXBuildFile; fileRef = 1519EB01F7CCA22839538B31 /* Pods_moa.framework */; };
		425184681D87CCE800D94643 /* ScanViewController.m in Sources */ = {isa = PBXBuildFile; fileRef = 425184671D87CCE800D94643 /* ScanViewController.m */; };
		4251846C1D87D1CB00D94643 /* MOANavigationViewController.m in Sources */ = {isa = PBXBuildFile; fileRef = 4251846B1D87D1CB00D94643 /* MOANavigationViewController.m */; };
		425184701D87D27B00D94643 /* UIImage+Creation.m in Sources */ = {isa = PBXBuildFile; fileRef = 4251846F1D87D27B00D94643 /* UIImage+Creation.m */; };
		425184741D87DCE400D94643 /* MOAPayDataSourceBase.m in Sources */ = {isa = PBXBuildFile; fileRef = 425184731D87DCE400D94643 /* MOAPayDataSourceBase.m */; };
		425184771D87E93E00D94643 /* interfaceUri.plist in Resources */ = {isa = PBXBuildFile; fileRef = 425184761D87E93E00D94643 /* interfaceUri.plist */; };
		425184791D87F33C00D94643 /* appConfig.plist in Resources */ = {isa = PBXBuildFile; fileRef = 425184781D87F33C00D94643 /* appConfig.plist */; };
		4251847C1D88F07B00D94643 /* MOAViewController.m in Sources */ = {isa = PBXBuildFile; fileRef = 4251847B1D88F07B00D94643 /* MOAViewController.m */; };
		4251847F1D88F91200D94643 /* MOABaseViewController.m in Sources */ = {isa = PBXBuildFile; fileRef = 4251847E1D88F91200D94643 /* MOABaseViewController.m */; };
		425184841D88FADA00D94643 /* MOATradeDetailViewController.m in Sources */ = {isa = PBXBuildFile; fileRef = 425184821D88FADA00D94643 /* MOATradeDetailViewController.m */; };
		425184851D88FADA00D94643 /* MOATradeDetailViewController.xib in Resources */ = {isa = PBXBuildFile; fileRef = 425184831D88FADA00D94643 /* MOATradeDetailViewController.xib */; };
		425184881D89219F00D94643 /* DYJsonRequestWithTextHtmlResponseRequest.m in Sources */ = {isa = PBXBuildFile; fileRef = 425184871D89219F00D94643 /* DYJsonRequestWithTextHtmlResponseRequest.m */; };
		4251848B1D8927DE00D94643 /* MOATradeInfoAdapter.m in Sources */ = {isa = PBXBuildFile; fileRef = 4251848A1D8927DE00D94643 /* MOATradeInfoAdapter.m */; };
		4251848E1D89365E00D94643 /* DYCellDataItem.m in Sources */ = {isa = PBXBuildFile; fileRef = 4251848D1D89365E00D94643 /* DYCellDataItem.m */; };
		425184931D896A4300D94643 /* MOATradeDetailTableViewCell.m in Sources */ = {isa = PBXBuildFile; fileRef = 425184911D896A4300D94643 /* MOATradeDetailTableViewCell.m */; };
		425184941D896A4300D94643 /* MOATradeDetailTableViewCell.xib in Resources */ = {isa = PBXBuildFile; fileRef = 425184921D896A4300D94643 /* MOATradeDetailTableViewCell.xib */; };
		4251849D1D8F90F300D94643 /* DYLoadingView.m in Sources */ = {isa = PBXBuildFile; fileRef = 425184971D8F90F300D94643 /* DYLoadingView.m */; };
		4251849E1D8F90F300D94643 /* DYLoadingViewManager.m in Sources */ = {isa = PBXBuildFile; fileRef = 425184991D8F90F300D94643 /* DYLoadingViewManager.m */; };
		4251849F1D8F90F300D94643 /* DYWindowLoadingView.m in Sources */ = {isa = PBXBuildFile; fileRef = 4251849C1D8F90F300D94643 /* DYWindowLoadingView.m */; };
		425184A31D8F9BA800D94643 /* Toast+UIView.m in Sources */ = {isa = PBXBuildFile; fileRef = 425184A21D8F9BA800D94643 /* Toast+UIView.m */; settings = {COMPILER_FLAGS = "-fno-objc-arc"; }; };
		42590C621D894A3D008B5B78 /* PaySuccessViewController.m in Sources */ = {isa = PBXBuildFile; fileRef = 42590C601D894A3D008B5B78 /* PaySuccessViewController.m */; };
		42590C631D894A3D008B5B78 /* PaySuccessViewController.xib in Resources */ = {isa = PBXBuildFile; fileRef = 42590C611D894A3D008B5B78 /* PaySuccessViewController.xib */; };
		7C8E22711D868818001629A7 /* main.m in Sources */ = {isa = PBXBuildFile; fileRef = 7C8E22701D868818001629A7 /* main.m */; };
		7C8E22741D868818001629A7 /* AppDelegate.m in Sources */ = {isa = PBXBuildFile; fileRef = 7C8E22731D868818001629A7 /* AppDelegate.m */; };
		7C8E227C1D868818001629A7 /* Assets.xcassets in Resources */ = {isa = PBXBuildFile; fileRef = 7C8E227B1D868818001629A7 /* Assets.xcassets */; };
		7C8E227F1D868818001629A7 /* LaunchScreen.storyboard in Resources */ = {isa = PBXBuildFile; fileRef = 7C8E227D1D868818001629A7 /* LaunchScreen.storyboard */; };
		7C8E24DA1D86AA69001629A7 /* FMDB.framework in Frameworks */ = {isa = PBXBuildFile; fileRef = 7C8E24D91D86AA69001629A7 /* FMDB.framework */; };
		7C8E25641D8794DB001629A7 /* DYHttpRequestWithCacheOperationManager.m in Sources */ = {isa = PBXBuildFile; fileRef = 7C8E25351D8794DB001629A7 /* DYHttpRequestWithCacheOperationManager.m */; };
		7C8E25651D8794DB001629A7 /* DYInterfaceRequesterBase.m in Sources */ = {isa = PBXBuildFile; fileRef = 7C8E25361D8794DB001629A7 /* DYInterfaceRequesterBase.m */; };
		7C8E25661D8794DB001629A7 /* DYInterfaceRequestHelper.m in Sources */ = {isa = PBXBuildFile; fileRef = 7C8E25371D8794DB001629A7 /* DYInterfaceRequestHelper.m */; };
		7C8E25681D8794DB001629A7 /* DYCacheManager.m in Sources */ = {isa = PBXBuildFile; fileRef = 7C8E253A1D8794DB001629A7 /* DYCacheManager.m */; };
		7C8E25691D8794DB001629A7 /* DYErrorHelper.m in Sources */ = {isa = PBXBuildFile; fileRef = 7C8E253B1D8794DB001629A7 /* DYErrorHelper.m */; };
		7C8E256B1D8794DB001629A7 /* DYAuthTokenManager.m in Sources */ = {isa = PBXBuildFile; fileRef = 7C8E25401D8794DB001629A7 /* DYAuthTokenManager.m */; };
		7C8E256C1D8794DB001629A7 /* DYNotifiesRequest.m in Sources */ = {isa = PBXBuildFile; fileRef = 7C8E25441D8794DB001629A7 /* DYNotifiesRequest.m */; };
		7C8E256D1D8794DB001629A7 /* DYAppModuleItem.m in Sources */ = {isa = PBXBuildFile; fileRef = 7C8E25461D8794DB001629A7 /* DYAppModuleItem.m */; };
		7C8E256E1D8794DB001629A7 /* DYAppPushDataSource.m in Sources */ = {isa = PBXBuildFile; fileRef = 7C8E25481D8794DB001629A7 /* DYAppPushDataSource.m */; };
		7C8E256F1D8794DB001629A7 /* DYErrorHandlerBase.m in Sources */ = {isa = PBXBuildFile; fileRef = 7C8E254B1D8794DB001629A7 /* DYErrorHandlerBase.m */; };
		7C8E25701D8794DB001629A7 /* DYErrorHandlerHelper.m in Sources */ = {isa = PBXBuildFile; fileRef = 7C8E254D1D8794DB001629A7 /* DYErrorHandlerHelper.m */; };
		7C8E25711D8794DB001629A7 /* DYInterfaceInfo.m in Sources */ = {isa = PBXBuildFile; fileRef = 7C8E254F1D8794DB001629A7 /* DYInterfaceInfo.m */; };
		7C8E25721D8794DB001629A7 /* DYInterfacePropertiesManager.m in Sources */ = {isa = PBXBuildFile; fileRef = 7C8E25511D8794DB001629A7 /* DYInterfacePropertiesManager.m */; };
		7C8E25731D8794DB001629A7 /* DYInterfaceReqeustItem.m in Sources */ = {isa = PBXBuildFile; fileRef = 7C8E25531D8794DB001629A7 /* DYInterfaceReqeustItem.m */; };
		7C8E25741D8794DB001629A7 /* DYJsonRequestWithGBufResponseRequest.m in Sources */ = {isa = PBXBuildFile; fileRef = 7C8E25551D8794DB001629A7 /* DYJsonRequestWithGBufResponseRequest.m */; };
		7C8E25751D8794DB001629A7 /* DYJsonRequestWithJsonResponseRequest.m in Sources */ = {isa = PBXBuildFile; fileRef = 7C8E25571D8794DB001629A7 /* DYJsonRequestWithJsonResponseRequest.m */; };
		7C8E25761D8794DB001629A7 /* DYMutipartFormDataRequest.m in Sources */ = {isa = PBXBuildFile; fileRef = 7C8E25591D8794DB001629A7 /* DYMutipartFormDataRequest.m */; };
		7C8E25771D8794DB001629A7 /* DYNetStatusManager.m in Sources */ = {isa = PBXBuildFile; fileRef = 7C8E255B1D8794DB001629A7 /* DYNetStatusManager.m */; };
		7C8E25781D8794DB001629A7 /* DYUserAuthorityData.m in Sources */ = {isa = PBXBuildFile; fileRef = 7C8E255E1D8794DB001629A7 /* DYUserAuthorityData.m */; };
		7C8E25791D8794DB001629A7 /* DYXFormRequestWithJsonResponseRequest.m in Sources */ = {isa = PBXBuildFile; fileRef = 7C8E25601D8794DB001629A7 /* DYXFormRequestWithJsonResponseRequest.m */; };
		7C8E257A1D8794DB001629A7 /* NSObject+Representation.m in Sources */ = {isa = PBXBuildFile; fileRef = 7C8E25621D8794DB001629A7 /* NSObject+Representation.m */; };
		7C8E258F1D8794EA001629A7 /* DYAuthorityManager.m in Sources */ = {isa = PBXBuildFile; fileRef = 7C8E257B1D8794EA001629A7 /* DYAuthorityManager.m */; };
		7C8E25901D8794EA001629A7 /* DYAuthorityChangePasswordDataSource.m in Sources */ = {isa = PBXBuildFile; fileRef = 7C8E257C1D8794EA001629A7 /* DYAuthorityChangePasswordDataSource.m */; };
		7C8E25911D8794EA001629A7 /* DYAuthorityLoginDataSource.m in Sources */ = {isa = PBXBuildFile; fileRef = 7C8E257D1D8794EA001629A7 /* DYAuthorityLoginDataSource.m */; };
		7C8E25921D8794EA001629A7 /* DYAuthorityResponseHelper.m in Sources */ = {isa = PBXBuildFile; fileRef = 7C8E257E1D8794EA001629A7 /* DYAuthorityResponseHelper.m */; };
		7C8E25931D8794EA001629A7 /* DYAuthorityDataSource.m in Sources */ = {isa = PBXBuildFile; fileRef = 7C8E257F1D8794EA001629A7 /* DYAuthorityDataSource.m */; };
		7C8E25941D8794EA001629A7 /* DYAuthorityRegisterDataSource.m in Sources */ = {isa = PBXBuildFile; fileRef = 7C8E25851D8794EA001629A7 /* DYAuthorityRegisterDataSource.m */; };
		7C8E25951D8794EA001629A7 /* DYAuthorityResetPasswordDataSource.m in Sources */ = {isa = PBXBuildFile; fileRef = 7C8E25871D8794EA001629A7 /* DYAuthorityResetPasswordDataSource.m */; };
		7C8E25961D8794EA001629A7 /* DYGetUserInfoDataSource.m in Sources */ = {isa = PBXBuildFile; fileRef = 7C8E258A1D8794EA001629A7 /* DYGetUserInfoDataSource.m */; };
		7C8E25971D8794EA001629A7 /* UIButton+DatayesAuthority.m in Sources */ = {isa = PBXBuildFile; fileRef = 7C8E258C1D8794EA001629A7 /* UIButton+DatayesAuthority.m */; };
		7C8E25981D8794EA001629A7 /* UIImageView+DatayesAuthority.m in Sources */ = {isa = PBXBuildFile; fileRef = 7C8E258E1D8794EA001629A7 /* UIImageView+DatayesAuthority.m */; };
		7C8E25B21D8794F4001629A7 /* DYDataSourceBase.m in Sources */ = {isa = PBXBuildFile; fileRef = 7C8E25991D8794F4001629A7 /* DYDataSourceBase.m */; };
		7C8E25B31D8794F4001629A7 /* SEDatabase.m in Sources */ = {isa = PBXBuildFile; fileRef = 7C8E259A1D8794F4001629A7 /* SEDatabase.m */; };
		7C8E25B51D8794F4001629A7 /* DYAppConfigManager.m in Sources */ = {isa = PBXBuildFile; fileRef = 7C8E25A01D8794F4001629A7 /* DYAppConfigManager.m */; };
		7C8E25B61D8794F4001629A7 /* DYAutoSaver.m in Sources */ = {isa = PBXBuildFile; fileRef = 7C8E25A41D8794F4001629A7 /* DYAutoSaver.m */; };
		7C8E25B71D8794F4001629A7 /* DYDataSourceError.m in Sources */ = {isa = PBXBuildFile; fileRef = 7C8E25A61D8794F4001629A7 /* DYDataSourceError.m */; };
		7C8E25B91D8794F4001629A7 /* DYNoticeInfoManager.m in Sources */ = {isa = PBXBuildFile; fileRef = 7C8E25A91D8794F4001629A7 /* DYNoticeInfoManager.m */; };
		7C8E25BA1D8794F4001629A7 /* DYResultHeaderHandleHelper.m in Sources */ = {isa = PBXBuildFile; fileRef = 7C8E25AB1D8794F4001629A7 /* DYResultHeaderHandleHelper.m */; };
		7C8E25BC1D8794F4001629A7 /* SEUtilities.m in Sources */ = {isa = PBXBuildFile; fileRef = 7C8E25B01D8794F4001629A7 /* SEUtilities.m */; };
		7C8E25C71D879977001629A7 /* DYDataSourceErrorView.m in Sources */ = {isa = PBXBuildFile; fileRef = 7C8E25C31D879977001629A7 /* DYDataSourceErrorView.m */; };
		7C8E25C81D879977001629A7 /* PromptView.m in Sources */ = {isa = PBXBuildFile; fileRef = 7C8E25C41D879977001629A7 /* PromptView.m */; };
		7C8E25CF1D879A4D001629A7 /* DYProgressHUD.m in Sources */ = {isa = PBXBuildFile; fileRef = 7C8E25CC1D879A4D001629A7 /* DYProgressHUD.m */; };
		7C8E25D01D879A4D001629A7 /* MBProgressHUD.m in Sources */ = {isa = PBXBuildFile; fileRef = 7C8E25CE1D879A4D001629A7 /* MBProgressHUD.m */; };
		7C8E25D71D879B5C001629A7 /* DYCacheBaseUtil.m in Sources */ = {isa = PBXBuildFile; fileRef = 7C8E25D31D879B5C001629A7 /* DYCacheBaseUtil.m */; };
		7C8E25D81D879B5C001629A7 /* DYCacheService.m in Sources */ = {isa = PBXBuildFile; fileRef = 7C8E25D61D879B5C001629A7 /* DYCacheService.m */; };
		7C8E25DC1D879C89001629A7 /* NSString+URL.m in Sources */ = {isa = PBXBuildFile; fileRef = 7C8E25DB1D879C89001629A7 /* NSString+URL.m */; };
		7C8E25DE1D879D4A001629A7 /* libsqlite3.tbd in Frameworks */ = {isa = PBXBuildFile; fileRef = 7C8E25DD1D879D4A001629A7 /* libsqlite3.tbd */; };
		7C8E25E71D87A136001629A7 /* PayInfoViewController.m in Sources */ = {isa = PBXBuildFile; fileRef = 7C8E25E51D87A136001629A7 /* PayInfoViewController.m */; };
		7C8E25E81D87A136001629A7 /* PayInfoViewController.xib in Resources */ = {isa = PBXBuildFile; fileRef = 7C8E25E61D87A136001629A7 /* PayInfoViewController.xib */; };
		7C8E25EE1D87A232001629A7 /* root.storyboard in Resources */ = {isa = PBXBuildFile; fileRef = 7C8E25EC1D87A232001629A7 /* root.storyboard */; };
		7C9109BF1DC74CBA00C31940 /* MyQRCodeViewController.m in Sources */ = {isa = PBXBuildFile; fileRef = 7C9109BD1DC74CBA00C31940 /* MyQRCodeViewController.m */; };
		7C9109C01DC74CBA00C31940 /* MyQRCodeViewController.xib in Resources */ = {isa = PBXBuildFile; fileRef = 7C9109BE1DC74CBA00C31940 /* MyQRCodeViewController.xib */; };
		7CA9F33F1D893B44000A405A /* DYLogFormatter.m in Sources */ = {isa = PBXBuildFile; fileRef = 7CA9F33E1D893B44000A405A /* DYLogFormatter.m */; };
		7CC1EDCF1DC884CD00D1D38D /* MyTradeListViewController.m in Sources */ = {isa = PBXBuildFile; fileRef = 7CC1EDCD1DC884CD00D1D38D /* MyTradeListViewController.m */; };
		7CC1EDD01DC884CD00D1D38D /* MyTradeListViewController.xib in Resources */ = {isa = PBXBuildFile; fileRef = 7CC1EDCE1DC884CD00D1D38D /* MyTradeListViewController.xib */; };
		7CC60D0F1D92762700CF7708 /* MoneyTableViewCell.m in Sources */ = {isa = PBXBuildFile; fileRef = 7CC60D0D1D92762700CF7708 /* MoneyTableViewCell.m */; };
		7CF5C3A61D913BD10044DF52 /* MoneyViewController.m in Sources */ = {isa = PBXBuildFile; fileRef = 7CF5C3A41D913BD10044DF52 /* MoneyViewController.m */; };
		7CF5C3A71D913BD10044DF52 /* MoneyViewController.xib in Resources */ = {isa = PBXBuildFile; fileRef = 7CF5C3A51D913BD10044DF52 /* MoneyViewController.xib */; };
		7CF5C3AB1D913F580044DF52 /* DYMoneyDataSource.m in Sources */ = {isa = PBXBuildFile; fileRef = 7CF5C3AA1D913F580044DF52 /* DYMoneyDataSource.m */; };
/* End PBXBuildFile section */

/* Begin PBXFileReference section */
		0B34A8F71D8FB2F400F30B89 /* MyCenterRootViewController.h */ = {isa = PBXFileReference; fileEncoding = 4; lastKnownFileType = sourcecode.c.h; path = MyCenterRootViewController.h; sourceTree = "<group>"; };
		0B34A8F81D8FB2F400F30B89 /* MyCenterRootViewController.m */ = {isa = PBXFileReference; fileEncoding = 4; lastKnownFileType = sourcecode.c.objc; path = MyCenterRootViewController.m; sourceTree = "<group>"; };
		0B34A8F91D8FB2F400F30B89 /* MyCenterRootViewController.storyboard */ = {isa = PBXFileReference; fileEncoding = 4; lastKnownFileType = file.storyboard; path = MyCenterRootViewController.storyboard; sourceTree = "<group>"; };
		0BBF0C5F1D8FC31700C42A27 /* DYUserInfoHeadView.h */ = {isa = PBXFileReference; fileEncoding = 4; lastKnownFileType = sourcecode.c.h; path = DYUserInfoHeadView.h; sourceTree = "<group>"; };
		0BBF0C601D8FC31700C42A27 /* DYUserInfoHeadView.m */ = {isa = PBXFileReference; fileEncoding = 4; lastKnownFileType = sourcecode.c.objc; path = DYUserInfoHeadView.m; sourceTree = "<group>"; };
		0BBF0C611D8FC31700C42A27 /* DYUserInfoHeadView.xib */ = {isa = PBXFileReference; fileEncoding = 4; lastKnownFileType = file.xib; path = DYUserInfoHeadView.xib; sourceTree = "<group>"; };
		0BBF0C651D8FC40600C42A27 /* DYLoginUserInfo.h */ = {isa = PBXFileReference; fileEncoding = 4; lastKnownFileType = sourcecode.c.h; path = DYLoginUserInfo.h; sourceTree = "<group>"; };
		0BBF0C661D8FC40600C42A27 /* DYLoginUserInfo.m */ = {isa = PBXFileReference; fileEncoding = 4; lastKnownFileType = sourcecode.c.objc; path = DYLoginUserInfo.m; sourceTree = "<group>"; };
		0BC014371D89165000FED226 /* DYAppNotification.h */ = {isa = PBXFileReference; fileEncoding = 4; lastKnownFileType = sourcecode.c.h; path = DYAppNotification.h; sourceTree = "<group>"; };
		0BC014381D89165000FED226 /* DYAppNotification.m */ = {isa = PBXFileReference; fileEncoding = 4; lastKnownFileType = sourcecode.c.objc; path = DYAppNotification.m; sourceTree = "<group>"; };
		0BC2BE091D87D6BA0087F84D /* DYResetPasswordStep1Controller.h */ = {isa = PBXFileReference; fileEncoding = 4; lastKnownFileType = sourcecode.c.h; path = DYResetPasswordStep1Controller.h; sourceTree = "<group>"; };
		0BC2BE0A1D87D6BA0087F84D /* DYResetPasswordStep1Controller.m */ = {isa = PBXFileReference; fileEncoding = 4; lastKnownFileType = sourcecode.c.objc; path = DYResetPasswordStep1Controller.m; sourceTree = "<group>"; };
		0BC2BE0B1D87D6BA0087F84D /* DYResetPasswordStep2Controller.h */ = {isa = PBXFileReference; fileEncoding = 4; lastKnownFileType = sourcecode.c.h; path = DYResetPasswordStep2Controller.h; sourceTree = "<group>"; };
		0BC2BE0C1D87D6BA0087F84D /* DYResetPasswordStep2Controller.m */ = {isa = PBXFileReference; fileEncoding = 4; lastKnownFileType = sourcecode.c.objc; path = DYResetPasswordStep2Controller.m; sourceTree = "<group>"; };
		0BC2BE0D1D87D6BA0087F84D /* DYResetPasswordViewController.storyboard */ = {isa = PBXFileReference; fileEncoding = 4; lastKnownFileType = file.storyboard; path = DYResetPasswordViewController.storyboard; sourceTree = "<group>"; };
		0BC2BE131D87E0790087F84D /* MOALoginViewController.h */ = {isa = PBXFileReference; fileEncoding = 4; lastKnownFileType = sourcecode.c.h; path = MOALoginViewController.h; sourceTree = "<group>"; };
		0BC2BE141D87E0790087F84D /* MOALoginViewController.m */ = {isa = PBXFileReference; fileEncoding = 4; lastKnownFileType = sourcecode.c.objc; path = MOALoginViewController.m; sourceTree = "<group>"; };
		0BC2BE161D87E0D00087F84D /* MOALoginViewController.storyboard */ = {isa = PBXFileReference; fileEncoding = 4; lastKnownFileType = file.storyboard; path = MOALoginViewController.storyboard; sourceTree = "<group>"; };
		0BC2BE1D1D87F3A00087F84D /* DYMessageDefine.h */ = {isa = PBXFileReference; fileEncoding = 4; lastKnownFileType = sourcecode.c.h; path = DYMessageDefine.h; sourceTree = "<group>"; };
		0BC2BE231D87F4E60087F84D /* DYTextField.h */ = {isa = PBXFileReference; fileEncoding = 4; lastKnownFileType = sourcecode.c.h; path = DYTextField.h; sourceTree = "<group>"; };
		0BC2BE241D87F4E60087F84D /* DYTextField.m */ = {isa = PBXFileReference; fileEncoding = 4; lastKnownFileType = sourcecode.c.objc; path = DYTextField.m; sourceTree = "<group>"; };
		1519EB01F7CCA22839538B31 /* Pods_moa.framework */ = {isa = PBXFileReference; explicitFileType = wrapper.framework; includeInIndex = 0; path = Pods_moa.framework; sourceTree = BUILT_PRODUCTS_DIR; };
		425184661D87CCE800D94643 /* ScanViewController.h */ = {isa = PBXFileReference; fileEncoding = 4; lastKnownFileType = sourcecode.c.h; path = ScanViewController.h; sourceTree = "<group>"; };
		425184671D87CCE800D94643 /* ScanViewController.m */ = {isa = PBXFileReference; fileEncoding = 4; lastKnownFileType = sourcecode.c.objc; path = ScanViewController.m; sourceTree = "<group>"; };
		4251846A1D87D1CB00D94643 /* MOANavigationViewController.h */ = {isa = PBXFileReference; fileEncoding = 4; lastKnownFileType = sourcecode.c.h; path = MOANavigationViewController.h; sourceTree = "<group>"; };
		4251846B1D87D1CB00D94643 /* MOANavigationViewController.m */ = {isa = PBXFileReference; fileEncoding = 4; lastKnownFileType = sourcecode.c.objc; path = MOANavigationViewController.m; sourceTree = "<group>"; };
		4251846E1D87D27B00D94643 /* UIImage+Creation.h */ = {isa = PBXFileReference; fileEncoding = 4; lastKnownFileType = sourcecode.c.h; path = "UIImage+Creation.h"; sourceTree = "<group>"; };
		4251846F1D87D27B00D94643 /* UIImage+Creation.m */ = {isa = PBXFileReference; fileEncoding = 4; lastKnownFileType = sourcecode.c.objc; path = "UIImage+Creation.m"; sourceTree = "<group>"; };
		425184721D87DCE400D94643 /* MOAPayDataSourceBase.h */ = {isa = PBXFileReference; fileEncoding = 4; lastKnownFileType = sourcecode.c.h; path = MOAPayDataSourceBase.h; sourceTree = "<group>"; };
		425184731D87DCE400D94643 /* MOAPayDataSourceBase.m */ = {isa = PBXFileReference; fileEncoding = 4; lastKnownFileType = sourcecode.c.objc; path = MOAPayDataSourceBase.m; sourceTree = "<group>"; };
		425184761D87E93E00D94643 /* interfaceUri.plist */ = {isa = PBXFileReference; fileEncoding = 4; lastKnownFileType = text.plist.xml; path = interfaceUri.plist; sourceTree = "<group>"; };
		425184781D87F33C00D94643 /* appConfig.plist */ = {isa = PBXFileReference; fileEncoding = 4; lastKnownFileType = text.plist.xml; path = appConfig.plist; sourceTree = "<group>"; };
		4251847A1D88F07B00D94643 /* MOAViewController.h */ = {isa = PBXFileReference; fileEncoding = 4; lastKnownFileType = sourcecode.c.h; path = MOAViewController.h; sourceTree = "<group>"; };
		4251847B1D88F07B00D94643 /* MOAViewController.m */ = {isa = PBXFileReference; fileEncoding = 4; lastKnownFileType = sourcecode.c.objc; path = MOAViewController.m; sourceTree = "<group>"; };
		4251847D1D88F91200D94643 /* MOABaseViewController.h */ = {isa = PBXFileReference; fileEncoding = 4; lastKnownFileType = sourcecode.c.h; path = MOABaseViewController.h; sourceTree = "<group>"; };
		4251847E1D88F91200D94643 /* MOABaseViewController.m */ = {isa = PBXFileReference; fileEncoding = 4; lastKnownFileType = sourcecode.c.objc; path = MOABaseViewController.m; sourceTree = "<group>"; };
		425184811D88FADA00D94643 /* MOATradeDetailViewController.h */ = {isa = PBXFileReference; fileEncoding = 4; lastKnownFileType = sourcecode.c.h; path = MOATradeDetailViewController.h; sourceTree = "<group>"; };
		425184821D88FADA00D94643 /* MOATradeDetailViewController.m */ = {isa = PBXFileReference; fileEncoding = 4; lastKnownFileType = sourcecode.c.objc; path = MOATradeDetailViewController.m; sourceTree = "<group>"; };
		425184831D88FADA00D94643 /* MOATradeDetailViewController.xib */ = {isa = PBXFileReference; fileEncoding = 4; lastKnownFileType = file.xib; path = MOATradeDetailViewController.xib; sourceTree = "<group>"; };
		425184861D89219F00D94643 /* DYJsonRequestWithTextHtmlResponseRequest.h */ = {isa = PBXFileReference; fileEncoding = 4; lastKnownFileType = sourcecode.c.h; name = DYJsonRequestWithTextHtmlResponseRequest.h; path = "通讯接口/DYJsonRequestWithTextHtmlResponseRequest.h"; sourceTree = "<group>"; };
		425184871D89219F00D94643 /* DYJsonRequestWithTextHtmlResponseRequest.m */ = {isa = PBXFileReference; fileEncoding = 4; lastKnownFileType = sourcecode.c.objc; name = DYJsonRequestWithTextHtmlResponseRequest.m; path = "通讯接口/DYJsonRequestWithTextHtmlResponseRequest.m"; sourceTree = "<group>"; };
		425184891D8927DE00D94643 /* MOATradeInfoAdapter.h */ = {isa = PBXFileReference; fileEncoding = 4; lastKnownFileType = sourcecode.c.h; path = MOATradeInfoAdapter.h; sourceTree = "<group>"; };
		4251848A1D8927DE00D94643 /* MOATradeInfoAdapter.m */ = {isa = PBXFileReference; fileEncoding = 4; lastKnownFileType = sourcecode.c.objc; path = MOATradeInfoAdapter.m; sourceTree = "<group>"; };
		4251848C1D89365E00D94643 /* DYCellDataItem.h */ = {isa = PBXFileReference; fileEncoding = 4; lastKnownFileType = sourcecode.c.h; path = DYCellDataItem.h; sourceTree = "<group>"; };
		4251848D1D89365E00D94643 /* DYCellDataItem.m */ = {isa = PBXFileReference; fileEncoding = 4; lastKnownFileType = sourcecode.c.objc; path = DYCellDataItem.m; sourceTree = "<group>"; };
		425184901D896A4300D94643 /* MOATradeDetailTableViewCell.h */ = {isa = PBXFileReference; fileEncoding = 4; lastKnownFileType = sourcecode.c.h; path = MOATradeDetailTableViewCell.h; sourceTree = "<group>"; };
		425184911D896A4300D94643 /* MOATradeDetailTableViewCell.m */ = {isa = PBXFileReference; fileEncoding = 4; lastKnownFileType = sourcecode.c.objc; path = MOATradeDetailTableViewCell.m; sourceTree = "<group>"; };
		425184921D896A4300D94643 /* MOATradeDetailTableViewCell.xib */ = {isa = PBXFileReference; fileEncoding = 4; lastKnownFileType = file.xib; path = MOATradeDetailTableViewCell.xib; sourceTree = "<group>"; };
		425184961D8F90F300D94643 /* DYLoadingView.h */ = {isa = PBXFileReference; fileEncoding = 4; lastKnownFileType = sourcecode.c.h; path = DYLoadingView.h; sourceTree = "<group>"; };
		425184971D8F90F300D94643 /* DYLoadingView.m */ = {isa = PBXFileReference; fileEncoding = 4; lastKnownFileType = sourcecode.c.objc; path = DYLoadingView.m; sourceTree = "<group>"; };
		425184981D8F90F300D94643 /* DYLoadingViewManager.h */ = {isa = PBXFileReference; fileEncoding = 4; lastKnownFileType = sourcecode.c.h; path = DYLoadingViewManager.h; sourceTree = "<group>"; };
		425184991D8F90F300D94643 /* DYLoadingViewManager.m */ = {isa = PBXFileReference; fileEncoding = 4; lastKnownFileType = sourcecode.c.objc; path = DYLoadingViewManager.m; sourceTree = "<group>"; };
		4251849A1D8F90F300D94643 /* DYLoadingViewProtocol.h */ = {isa = PBXFileReference; fileEncoding = 4; lastKnownFileType = sourcecode.c.h; path = DYLoadingViewProtocol.h; sourceTree = "<group>"; };
		4251849B1D8F90F300D94643 /* DYWindowLoadingView.h */ = {isa = PBXFileReference; fileEncoding = 4; lastKnownFileType = sourcecode.c.h; path = DYWindowLoadingView.h; sourceTree = "<group>"; };
		4251849C1D8F90F300D94643 /* DYWindowLoadingView.m */ = {isa = PBXFileReference; fileEncoding = 4; lastKnownFileType = sourcecode.c.objc; path = DYWindowLoadingView.m; sourceTree = "<group>"; };
		425184A11D8F9BA800D94643 /* Toast+UIView.h */ = {isa = PBXFileReference; fileEncoding = 4; lastKnownFileType = sourcecode.c.h; path = "Toast+UIView.h"; sourceTree = "<group>"; };
		425184A21D8F9BA800D94643 /* Toast+UIView.m */ = {isa = PBXFileReference; fileEncoding = 4; lastKnownFileType = sourcecode.c.objc; path = "Toast+UIView.m"; sourceTree = "<group>"; };
		42590C5F1D894A3D008B5B78 /* PaySuccessViewController.h */ = {isa = PBXFileReference; fileEncoding = 4; lastKnownFileType = sourcecode.c.h; path = PaySuccessViewController.h; sourceTree = "<group>"; };
		42590C601D894A3D008B5B78 /* PaySuccessViewController.m */ = {isa = PBXFileReference; fileEncoding = 4; lastKnownFileType = sourcecode.c.objc; path = PaySuccessViewController.m; sourceTree = "<group>"; };
		42590C611D894A3D008B5B78 /* PaySuccessViewController.xib */ = {isa = PBXFileReference; fileEncoding = 4; lastKnownFileType = file.xib; path = PaySuccessViewController.xib; sourceTree = "<group>"; };
		7934F90E61BCEC3D83B882EE /* Pods-moa.debug.xcconfig */ = {isa = PBXFileReference; includeInIndex = 1; lastKnownFileType = text.xcconfig; name = "Pods-moa.debug.xcconfig"; path = "Pods/Target Support Files/Pods-moa/Pods-moa.debug.xcconfig"; sourceTree = "<group>"; };
		7B2E93E2BEA202F251D97551 /* Pods-moa.release.xcconfig */ = {isa = PBXFileReference; includeInIndex = 1; lastKnownFileType = text.xcconfig; name = "Pods-moa.release.xcconfig"; path = "Pods/Target Support Files/Pods-moa/Pods-moa.release.xcconfig"; sourceTree = "<group>"; };
		7C8E226C1D868818001629A7 /* moa.app */ = {isa = PBXFileReference; explicitFileType = wrapper.application; includeInIndex = 0; path = moa.app; sourceTree = BUILT_PRODUCTS_DIR; };
		7C8E22701D868818001629A7 /* main.m */ = {isa = PBXFileReference; lastKnownFileType = sourcecode.c.objc; path = main.m; sourceTree = "<group>"; };
		7C8E22721D868818001629A7 /* AppDelegate.h */ = {isa = PBXFileReference; lastKnownFileType = sourcecode.c.h; path = AppDelegate.h; sourceTree = "<group>"; };
		7C8E22731D868818001629A7 /* AppDelegate.m */ = {isa = PBXFileReference; lastKnownFileType = sourcecode.c.objc; path = AppDelegate.m; sourceTree = "<group>"; };
		7C8E227B1D868818001629A7 /* Assets.xcassets */ = {isa = PBXFileReference; lastKnownFileType = folder.assetcatalog; path = Assets.xcassets; sourceTree = "<group>"; };
		7C8E227E1D868818001629A7 /* Base */ = {isa = PBXFileReference; lastKnownFileType = file.storyboard; name = Base; path = Base.lproj/LaunchScreen.storyboard; sourceTree = "<group>"; };
		7C8E22801D868818001629A7 /* Info.plist */ = {isa = PBXFileReference; lastKnownFileType = text.plist.xml; path = Info.plist; sourceTree = "<group>"; };
		7C8E24D81D86A4BC001629A7 /* moa-Prefix.pch */ = {isa = PBXFileReference; fileEncoding = 4; lastKnownFileType = sourcecode.c.h; path = "moa-Prefix.pch"; sourceTree = "<group>"; };
		7C8E24D91D86AA69001629A7 /* FMDB.framework */ = {isa = PBXFileReference; lastKnownFileType = wrapper.framework; path = FMDB.framework; sourceTree = "<group>"; };
		7C8E25351D8794DB001629A7 /* DYHttpRequestWithCacheOperationManager.m */ = {isa = PBXFileReference; fileEncoding = 4; lastKnownFileType = sourcecode.c.objc; name = DYHttpRequestWithCacheOperationManager.m; path = "通讯接口/DYHttpRequestWithCacheOperationManager.m"; sourceTree = "<group>"; };
		7C8E25361D8794DB001629A7 /* DYInterfaceRequesterBase.m */ = {isa = PBXFileReference; fileEncoding = 4; lastKnownFileType = sourcecode.c.objc; name = DYInterfaceRequesterBase.m; path = "通讯接口/DYInterfaceRequesterBase.m"; sourceTree = "<group>"; };
		7C8E25371D8794DB001629A7 /* DYInterfaceRequestHelper.m */ = {isa = PBXFileReference; fileEncoding = 4; lastKnownFileType = sourcecode.c.objc; name = DYInterfaceRequestHelper.m; path = "通讯接口/DYInterfaceRequestHelper.m"; sourceTree = "<group>"; };
		7C8E25391D8794DB001629A7 /* DYCacheManager.h */ = {isa = PBXFileReference; fileEncoding = 4; lastKnownFileType = sourcecode.c.h; name = DYCacheManager.h; path = "通讯接口/DYCacheManager.h"; sourceTree = "<group>"; };
		7C8E253A1D8794DB001629A7 /* DYCacheManager.m */ = {isa = PBXFileReference; fileEncoding = 4; lastKnownFileType = sourcecode.c.objc; name = DYCacheManager.m; path = "通讯接口/DYCacheManager.m"; sourceTree = "<group>"; };
		7C8E253B1D8794DB001629A7 /* DYErrorHelper.m */ = {isa = PBXFileReference; fileEncoding = 4; lastKnownFileType = sourcecode.c.objc; name = DYErrorHelper.m; path = "通讯接口/DYErrorHelper.m"; sourceTree = "<group>"; };
		7C8E253E1D8794DB001629A7 /* DYInterfaceIdDef.h */ = {isa = PBXFileReference; fileEncoding = 4; lastKnownFileType = sourcecode.c.h; name = DYInterfaceIdDef.h; path = "通讯接口/DYInterfaceIdDef.h"; sourceTree = "<group>"; };
		7C8E253F1D8794DB001629A7 /* DYInterfaceRequestHelper.h */ = {isa = PBXFileReference; fileEncoding = 4; lastKnownFileType = sourcecode.c.h; name = DYInterfaceRequestHelper.h; path = "通讯接口/DYInterfaceRequestHelper.h"; sourceTree = "<group>"; };
		7C8E25401D8794DB001629A7 /* DYAuthTokenManager.m */ = {isa = PBXFileReference; fileEncoding = 4; lastKnownFileType = sourcecode.c.objc; name = DYAuthTokenManager.m; path = "通讯接口/DYAuthTokenManager.m"; sourceTree = "<group>"; };
		7C8E25411D8794DB001629A7 /* DYInterfaceInfo.h */ = {isa = PBXFileReference; fileEncoding = 4; lastKnownFileType = sourcecode.c.h; name = DYInterfaceInfo.h; path = "通讯接口/DYInterfaceInfo.h"; sourceTree = "<group>"; };
		7C8E25421D8794DB001629A7 /* DYHttpRequestWithCacheOperationManager.h */ = {isa = PBXFileReference; fileEncoding = 4; lastKnownFileType = sourcecode.c.h; name = DYHttpRequestWithCacheOperationManager.h; path = "通讯接口/DYHttpRequestWithCacheOperationManager.h"; sourceTree = "<group>"; };
		7C8E25431D8794DB001629A7 /* DYInterfaceRequesterBase.h */ = {isa = PBXFileReference; fileEncoding = 4; lastKnownFileType = sourcecode.c.h; name = DYInterfaceRequesterBase.h; path = "通讯接口/DYInterfaceRequesterBase.h"; sourceTree = "<group>"; };
		7C8E25441D8794DB001629A7 /* DYNotifiesRequest.m */ = {isa = PBXFileReference; fileEncoding = 4; lastKnownFileType = sourcecode.c.objc; name = DYNotifiesRequest.m; path = "通讯接口/DYNotifiesRequest.m"; sourceTree = "<group>"; };
		7C8E25451D8794DB001629A7 /* DYAppModuleItem.h */ = {isa = PBXFileReference; fileEncoding = 4; lastKnownFileType = sourcecode.c.h; name = DYAppModuleItem.h; path = "通讯接口/DYAppModuleItem.h"; sourceTree = "<group>"; };
		7C8E25461D8794DB001629A7 /* DYAppModuleItem.m */ = {isa = PBXFileReference; fileEncoding = 4; lastKnownFileType = sourcecode.c.objc; name = DYAppModuleItem.m; path = "通讯接口/DYAppModuleItem.m"; sourceTree = "<group>"; };
		7C8E25471D8794DB001629A7 /* DYAppPushDataSource.h */ = {isa = PBXFileReference; fileEncoding = 4; lastKnownFileType = sourcecode.c.h; name = DYAppPushDataSource.h; path = "通讯接口/DYAppPushDataSource.h"; sourceTree = "<group>"; };
		7C8E25481D8794DB001629A7 /* DYAppPushDataSource.m */ = {isa = PBXFileReference; fileEncoding = 4; lastKnownFileType = sourcecode.c.objc; name = DYAppPushDataSource.m; path = "通讯接口/DYAppPushDataSource.m"; sourceTree = "<group>"; };
		7C8E25491D8794DB001629A7 /* DYAuthTokenManager.h */ = {isa = PBXFileReference; fileEncoding = 4; lastKnownFileType = sourcecode.c.h; name = DYAuthTokenManager.h; path = "通讯接口/DYAuthTokenManager.h"; sourceTree = "<group>"; };
		7C8E254A1D8794DB001629A7 /* DYErrorHandlerBase.h */ = {isa = PBXFileReference; fileEncoding = 4; lastKnownFileType = sourcecode.c.h; name = DYErrorHandlerBase.h; path = "通讯接口/DYErrorHandlerBase.h"; sourceTree = "<group>"; };
		7C8E254B1D8794DB001629A7 /* DYErrorHandlerBase.m */ = {isa = PBXFileReference; fileEncoding = 4; lastKnownFileType = sourcecode.c.objc; name = DYErrorHandlerBase.m; path = "通讯接口/DYErrorHandlerBase.m"; sourceTree = "<group>"; };
		7C8E254C1D8794DB001629A7 /* DYErrorHandlerHelper.h */ = {isa = PBXFileReference; fileEncoding = 4; lastKnownFileType = sourcecode.c.h; name = DYErrorHandlerHelper.h; path = "通讯接口/DYErrorHandlerHelper.h"; sourceTree = "<group>"; };
		7C8E254D1D8794DB001629A7 /* DYErrorHandlerHelper.m */ = {isa = PBXFileReference; fileEncoding = 4; lastKnownFileType = sourcecode.c.objc; name = DYErrorHandlerHelper.m; path = "通讯接口/DYErrorHandlerHelper.m"; sourceTree = "<group>"; };
		7C8E254E1D8794DB001629A7 /* DYErrorHelper.h */ = {isa = PBXFileReference; fileEncoding = 4; lastKnownFileType = sourcecode.c.h; name = DYErrorHelper.h; path = "通讯接口/DYErrorHelper.h"; sourceTree = "<group>"; };
		7C8E254F1D8794DB001629A7 /* DYInterfaceInfo.m */ = {isa = PBXFileReference; fileEncoding = 4; lastKnownFileType = sourcecode.c.objc; name = DYInterfaceInfo.m; path = "通讯接口/DYInterfaceInfo.m"; sourceTree = "<group>"; };
		7C8E25501D8794DB001629A7 /* DYInterfacePropertiesManager.h */ = {isa = PBXFileReference; fileEncoding = 4; lastKnownFileType = sourcecode.c.h; name = DYInterfacePropertiesManager.h; path = "通讯接口/DYInterfacePropertiesManager.h"; sourceTree = "<group>"; };
		7C8E25511D8794DB001629A7 /* DYInterfacePropertiesManager.m */ = {isa = PBXFileReference; fileEncoding = 4; lastKnownFileType = sourcecode.c.objc; name = DYInterfacePropertiesManager.m; path = "通讯接口/DYInterfacePropertiesManager.m"; sourceTree = "<group>"; };
		7C8E25521D8794DB001629A7 /* DYInterfaceReqeustItem.h */ = {isa = PBXFileReference; fileEncoding = 4; lastKnownFileType = sourcecode.c.h; name = DYInterfaceReqeustItem.h; path = "通讯接口/DYInterfaceReqeustItem.h"; sourceTree = "<group>"; };
		7C8E25531D8794DB001629A7 /* DYInterfaceReqeustItem.m */ = {isa = PBXFileReference; fileEncoding = 4; lastKnownFileType = sourcecode.c.objc; name = DYInterfaceReqeustItem.m; path = "通讯接口/DYInterfaceReqeustItem.m"; sourceTree = "<group>"; };
		7C8E25541D8794DB001629A7 /* DYJsonRequestWithGBufResponseRequest.h */ = {isa = PBXFileReference; fileEncoding = 4; lastKnownFileType = sourcecode.c.h; name = DYJsonRequestWithGBufResponseRequest.h; path = "通讯接口/DYJsonRequestWithGBufResponseRequest.h"; sourceTree = "<group>"; };
		7C8E25551D8794DB001629A7 /* DYJsonRequestWithGBufResponseRequest.m */ = {isa = PBXFileReference; fileEncoding = 4; lastKnownFileType = sourcecode.c.objc; name = DYJsonRequestWithGBufResponseRequest.m; path = "通讯接口/DYJsonRequestWithGBufResponseRequest.m"; sourceTree = "<group>"; };
		7C8E25561D8794DB001629A7 /* DYJsonRequestWithJsonResponseRequest.h */ = {isa = PBXFileReference; fileEncoding = 4; lastKnownFileType = sourcecode.c.h; name = DYJsonRequestWithJsonResponseRequest.h; path = "通讯接口/DYJsonRequestWithJsonResponseRequest.h"; sourceTree = "<group>"; };
		7C8E25571D8794DB001629A7 /* DYJsonRequestWithJsonResponseRequest.m */ = {isa = PBXFileReference; fileEncoding = 4; lastKnownFileType = sourcecode.c.objc; name = DYJsonRequestWithJsonResponseRequest.m; path = "通讯接口/DYJsonRequestWithJsonResponseRequest.m"; sourceTree = "<group>"; };
		7C8E25581D8794DB001629A7 /* DYMutipartFormDataRequest.h */ = {isa = PBXFileReference; fileEncoding = 4; lastKnownFileType = sourcecode.c.h; name = DYMutipartFormDataRequest.h; path = "通讯接口/DYMutipartFormDataRequest.h"; sourceTree = "<group>"; };
		7C8E25591D8794DB001629A7 /* DYMutipartFormDataRequest.m */ = {isa = PBXFileReference; fileEncoding = 4; lastKnownFileType = sourcecode.c.objc; name = DYMutipartFormDataRequest.m; path = "通讯接口/DYMutipartFormDataRequest.m"; sourceTree = "<group>"; };
		7C8E255A1D8794DB001629A7 /* DYNetStatusManager.h */ = {isa = PBXFileReference; fileEncoding = 4; lastKnownFileType = sourcecode.c.h; name = DYNetStatusManager.h; path = "通讯接口/DYNetStatusManager.h"; sourceTree = "<group>"; };
		7C8E255B1D8794DB001629A7 /* DYNetStatusManager.m */ = {isa = PBXFileReference; fileEncoding = 4; lastKnownFileType = sourcecode.c.objc; name = DYNetStatusManager.m; path = "通讯接口/DYNetStatusManager.m"; sourceTree = "<group>"; };
		7C8E255C1D8794DB001629A7 /* DYNotifiesRequest.h */ = {isa = PBXFileReference; fileEncoding = 4; lastKnownFileType = sourcecode.c.h; name = DYNotifiesRequest.h; path = "通讯接口/DYNotifiesRequest.h"; sourceTree = "<group>"; };
		7C8E255D1D8794DB001629A7 /* DYUserAuthorityData.h */ = {isa = PBXFileReference; fileEncoding = 4; lastKnownFileType = sourcecode.c.h; name = DYUserAuthorityData.h; path = "通讯接口/DYUserAuthorityData.h"; sourceTree = "<group>"; };
		7C8E255E1D8794DB001629A7 /* DYUserAuthorityData.m */ = {isa = PBXFileReference; fileEncoding = 4; lastKnownFileType = sourcecode.c.objc; name = DYUserAuthorityData.m; path = "通讯接口/DYUserAuthorityData.m"; sourceTree = "<group>"; };
		7C8E255F1D8794DB001629A7 /* DYXFormRequestWithJsonResponseRequest.h */ = {isa = PBXFileReference; fileEncoding = 4; lastKnownFileType = sourcecode.c.h; name = DYXFormRequestWithJsonResponseRequest.h; path = "通讯接口/DYXFormRequestWithJsonResponseRequest.h"; sourceTree = "<group>"; };
		7C8E25601D8794DB001629A7 /* DYXFormRequestWithJsonResponseRequest.m */ = {isa = PBXFileReference; fileEncoding = 4; lastKnownFileType = sourcecode.c.objc; name = DYXFormRequestWithJsonResponseRequest.m; path = "通讯接口/DYXFormRequestWithJsonResponseRequest.m"; sourceTree = "<group>"; };
		7C8E25611D8794DB001629A7 /* NSObject+Representation.h */ = {isa = PBXFileReference; fileEncoding = 4; lastKnownFileType = sourcecode.c.h; name = "NSObject+Representation.h"; path = "通讯接口/NSObject+Representation.h"; sourceTree = "<group>"; };
		7C8E25621D8794DB001629A7 /* NSObject+Representation.m */ = {isa = PBXFileReference; fileEncoding = 4; lastKnownFileType = sourcecode.c.objc; name = "NSObject+Representation.m"; path = "通讯接口/NSObject+Representation.m"; sourceTree = "<group>"; };
		7C8E257B1D8794EA001629A7 /* DYAuthorityManager.m */ = {isa = PBXFileReference; fileEncoding = 4; lastKnownFileType = sourcecode.c.objc; name = DYAuthorityManager.m; path = "数据/Authority/DYAuthorityManager.m"; sourceTree = "<group>"; };
		7C8E257C1D8794EA001629A7 /* DYAuthorityChangePasswordDataSource.m */ = {isa = PBXFileReference; fileEncoding = 4; lastKnownFileType = sourcecode.c.objc; name = DYAuthorityChangePasswordDataSource.m; path = "数据/Authority/DYAuthorityChangePasswordDataSource.m"; sourceTree = "<group>"; };
		7C8E257D1D8794EA001629A7 /* DYAuthorityLoginDataSource.m */ = {isa = PBXFileReference; fileEncoding = 4; lastKnownFileType = sourcecode.c.objc; name = DYAuthorityLoginDataSource.m; path = "数据/Authority/DYAuthorityLoginDataSource.m"; sourceTree = "<group>"; };
		7C8E257E1D8794EA001629A7 /* DYAuthorityResponseHelper.m */ = {isa = PBXFileReference; fileEncoding = 4; lastKnownFileType = sourcecode.c.objc; name = DYAuthorityResponseHelper.m; path = "数据/Authority/DYAuthorityResponseHelper.m"; sourceTree = "<group>"; };
		7C8E257F1D8794EA001629A7 /* DYAuthorityDataSource.m */ = {isa = PBXFileReference; fileEncoding = 4; lastKnownFileType = sourcecode.c.objc; name = DYAuthorityDataSource.m; path = "数据/Authority/DYAuthorityDataSource.m"; sourceTree = "<group>"; };
		7C8E25801D8794EA001629A7 /* DYAuthorityChangePasswordDataSource.h */ = {isa = PBXFileReference; fileEncoding = 4; lastKnownFileType = sourcecode.c.h; name = DYAuthorityChangePasswordDataSource.h; path = "数据/Authority/DYAuthorityChangePasswordDataSource.h"; sourceTree = "<group>"; };
		7C8E25811D8794EA001629A7 /* DYAuthorityDataSource.h */ = {isa = PBXFileReference; fileEncoding = 4; lastKnownFileType = sourcecode.c.h; name = DYAuthorityDataSource.h; path = "数据/Authority/DYAuthorityDataSource.h"; sourceTree = "<group>"; };
		7C8E25821D8794EA001629A7 /* DYAuthorityLoginDataSource.h */ = {isa = PBXFileReference; fileEncoding = 4; lastKnownFileType = sourcecode.c.h; name = DYAuthorityLoginDataSource.h; path = "数据/Authority/DYAuthorityLoginDataSource.h"; sourceTree = "<group>"; };
		7C8E25831D8794EA001629A7 /* DYAuthorityManager.h */ = {isa = PBXFileReference; fileEncoding = 4; lastKnownFileType = sourcecode.c.h; name = DYAuthorityManager.h; path = "数据/Authority/DYAuthorityManager.h"; sourceTree = "<group>"; };
		7C8E25841D8794EA001629A7 /* DYAuthorityRegisterDataSource.h */ = {isa = PBXFileReference; fileEncoding = 4; lastKnownFileType = sourcecode.c.h; name = DYAuthorityRegisterDataSource.h; path = "数据/Authority/DYAuthorityRegisterDataSource.h"; sourceTree = "<group>"; };
		7C8E25851D8794EA001629A7 /* DYAuthorityRegisterDataSource.m */ = {isa = PBXFileReference; fileEncoding = 4; lastKnownFileType = sourcecode.c.objc; name = DYAuthorityRegisterDataSource.m; path = "数据/Authority/DYAuthorityRegisterDataSource.m"; sourceTree = "<group>"; };
		7C8E25861D8794EA001629A7 /* DYAuthorityResetPasswordDataSource.h */ = {isa = PBXFileReference; fileEncoding = 4; lastKnownFileType = sourcecode.c.h; name = DYAuthorityResetPasswordDataSource.h; path = "数据/Authority/DYAuthorityResetPasswordDataSource.h"; sourceTree = "<group>"; };
		7C8E25871D8794EA001629A7 /* DYAuthorityResetPasswordDataSource.m */ = {isa = PBXFileReference; fileEncoding = 4; lastKnownFileType = sourcecode.c.objc; name = DYAuthorityResetPasswordDataSource.m; path = "数据/Authority/DYAuthorityResetPasswordDataSource.m"; sourceTree = "<group>"; };
		7C8E25881D8794EA001629A7 /* DYAuthorityResponseHelper.h */ = {isa = PBXFileReference; fileEncoding = 4; lastKnownFileType = sourcecode.c.h; name = DYAuthorityResponseHelper.h; path = "数据/Authority/DYAuthorityResponseHelper.h"; sourceTree = "<group>"; };
		7C8E25891D8794EA001629A7 /* DYGetUserInfoDataSource.h */ = {isa = PBXFileReference; fileEncoding = 4; lastKnownFileType = sourcecode.c.h; name = DYGetUserInfoDataSource.h; path = "数据/Authority/DYGetUserInfoDataSource.h"; sourceTree = "<group>"; };
		7C8E258A1D8794EA001629A7 /* DYGetUserInfoDataSource.m */ = {isa = PBXFileReference; fileEncoding = 4; lastKnownFileType = sourcecode.c.objc; name = DYGetUserInfoDataSource.m; path = "数据/Authority/DYGetUserInfoDataSource.m"; sourceTree = "<group>"; };
		7C8E258B1D8794EA001629A7 /* UIButton+DatayesAuthority.h */ = {isa = PBXFileReference; fileEncoding = 4; lastKnownFileType = sourcecode.c.h; name = "UIButton+DatayesAuthority.h"; path = "数据/Authority/UIButton+DatayesAuthority.h"; sourceTree = "<group>"; };
		7C8E258C1D8794EA001629A7 /* UIButton+DatayesAuthority.m */ = {isa = PBXFileReference; fileEncoding = 4; lastKnownFileType = sourcecode.c.objc; name = "UIButton+DatayesAuthority.m"; path = "数据/Authority/UIButton+DatayesAuthority.m"; sourceTree = "<group>"; };
		7C8E258D1D8794EA001629A7 /* UIImageView+DatayesAuthority.h */ = {isa = PBXFileReference; fileEncoding = 4; lastKnownFileType = sourcecode.c.h; name = "UIImageView+DatayesAuthority.h"; path = "数据/Authority/UIImageView+DatayesAuthority.h"; sourceTree = "<group>"; };
		7C8E258E1D8794EA001629A7 /* UIImageView+DatayesAuthority.m */ = {isa = PBXFileReference; fileEncoding = 4; lastKnownFileType = sourcecode.c.objc; name = "UIImageView+DatayesAuthority.m"; path = "数据/Authority/UIImageView+DatayesAuthority.m"; sourceTree = "<group>"; };
		7C8E25991D8794F4001629A7 /* DYDataSourceBase.m */ = {isa = PBXFileReference; fileEncoding = 4; lastKnownFileType = sourcecode.c.objc; name = DYDataSourceBase.m; path = "数据/DYDataSourceBase.m"; sourceTree = "<group>"; };
		7C8E259A1D8794F4001629A7 /* SEDatabase.m */ = {isa = PBXFileReference; fileEncoding = 4; lastKnownFileType = sourcecode.c.objc; name = SEDatabase.m; path = "数据/SEDatabase.m"; sourceTree = "<group>"; };
		7C8E259C1D8794F4001629A7 /* DYDataSourceBase.h */ = {isa = PBXFileReference; fileEncoding = 4; lastKnownFileType = sourcecode.c.h; name = DYDataSourceBase.h; path = "数据/DYDataSourceBase.h"; sourceTree = "<group>"; };
		7C8E259D1D8794F4001629A7 /* DYNoticeInfoManager.h */ = {isa = PBXFileReference; fileEncoding = 4; lastKnownFileType = sourcecode.c.h; name = DYNoticeInfoManager.h; path = "数据/DYNoticeInfoManager.h"; sourceTree = "<group>"; };
		7C8E259E1D8794F4001629A7 /* DatabaseDefine.h */ = {isa = PBXFileReference; fileEncoding = 4; lastKnownFileType = sourcecode.c.h; name = DatabaseDefine.h; path = "数据/DatabaseDefine.h"; sourceTree = "<group>"; };
		7C8E259F1D8794F4001629A7 /* DYAppConfigManager.h */ = {isa = PBXFileReference; fileEncoding = 4; lastKnownFileType = sourcecode.c.h; name = DYAppConfigManager.h; path = "数据/DYAppConfigManager.h"; sourceTree = "<group>"; };
		7C8E25A01D8794F4001629A7 /* DYAppConfigManager.m */ = {isa = PBXFileReference; fileEncoding = 4; lastKnownFileType = sourcecode.c.objc; name = DYAppConfigManager.m; path = "数据/DYAppConfigManager.m"; sourceTree = "<group>"; };
		7C8E25A21D8794F4001629A7 /* DYAutoJumpParamsDefine.h */ = {isa = PBXFileReference; fileEncoding = 4; lastKnownFileType = sourcecode.c.h; name = DYAutoJumpParamsDefine.h; path = "数据/DYAutoJumpParamsDefine.h"; sourceTree = "<group>"; };
		7C8E25A31D8794F4001629A7 /* DYAutoSaver.h */ = {isa = PBXFileReference; fileEncoding = 4; lastKnownFileType = sourcecode.c.h; name = DYAutoSaver.h; path = "数据/DYAutoSaver.h"; sourceTree = "<group>"; };
		7C8E25A41D8794F4001629A7 /* DYAutoSaver.m */ = {isa = PBXFileReference; fileEncoding = 4; lastKnownFileType = sourcecode.c.objc; name = DYAutoSaver.m; path = "数据/DYAutoSaver.m"; sourceTree = "<group>"; };
		7C8E25A51D8794F4001629A7 /* DYDataSourceError.h */ = {isa = PBXFileReference; fileEncoding = 4; lastKnownFileType = sourcecode.c.h; name = DYDataSourceError.h; path = "数据/DYDataSourceError.h"; sourceTree = "<group>"; };
		7C8E25A61D8794F4001629A7 /* DYDataSourceError.m */ = {isa = PBXFileReference; fileEncoding = 4; lastKnownFileType = sourcecode.c.objc; name = DYDataSourceError.m; path = "数据/DYDataSourceError.m"; sourceTree = "<group>"; };
		7C8E25A91D8794F4001629A7 /* DYNoticeInfoManager.m */ = {isa = PBXFileReference; fileEncoding = 4; lastKnownFileType = sourcecode.c.objc; name = DYNoticeInfoManager.m; path = "数据/DYNoticeInfoManager.m"; sourceTree = "<group>"; };
		7C8E25AA1D8794F4001629A7 /* DYResultHeaderHandleHelper.h */ = {isa = PBXFileReference; fileEncoding = 4; lastKnownFileType = sourcecode.c.h; name = DYResultHeaderHandleHelper.h; path = "数据/DYResultHeaderHandleHelper.h"; sourceTree = "<group>"; };
		7C8E25AB1D8794F4001629A7 /* DYResultHeaderHandleHelper.m */ = {isa = PBXFileReference; fileEncoding = 4; lastKnownFileType = sourcecode.c.objc; name = DYResultHeaderHandleHelper.m; path = "数据/DYResultHeaderHandleHelper.m"; sourceTree = "<group>"; };
		7C8E25AE1D8794F4001629A7 /* SEDatabase.h */ = {isa = PBXFileReference; fileEncoding = 4; lastKnownFileType = sourcecode.c.h; name = SEDatabase.h; path = "数据/SEDatabase.h"; sourceTree = "<group>"; };
		7C8E25AF1D8794F4001629A7 /* SEUtilities.h */ = {isa = PBXFileReference; fileEncoding = 4; lastKnownFileType = sourcecode.c.h; name = SEUtilities.h; path = "数据/SEUtilities.h"; sourceTree = "<group>"; };
		7C8E25B01D8794F4001629A7 /* SEUtilities.m */ = {isa = PBXFileReference; fileEncoding = 4; lastKnownFileType = sourcecode.c.objc; name = SEUtilities.m; path = "数据/SEUtilities.m"; sourceTree = "<group>"; };
		7C8E25C31D879977001629A7 /* DYDataSourceErrorView.m */ = {isa = PBXFileReference; fileEncoding = 4; lastKnownFileType = sourcecode.c.objc; name = DYDataSourceErrorView.m; path = "视图/common/DYDataSourceErrorView.m"; sourceTree = "<group>"; };
		7C8E25C41D879977001629A7 /* PromptView.m */ = {isa = PBXFileReference; fileEncoding = 4; lastKnownFileType = sourcecode.c.objc; name = PromptView.m; path = "视图/common/PromptView.m"; sourceTree = "<group>"; };
		7C8E25C51D879977001629A7 /* DYDataSourceErrorView.h */ = {isa = PBXFileReference; fileEncoding = 4; lastKnownFileType = sourcecode.c.h; name = DYDataSourceErrorView.h; path = "视图/common/DYDataSourceErrorView.h"; sourceTree = "<group>"; };
		7C8E25C61D879977001629A7 /* PromptView.h */ = {isa = PBXFileReference; fileEncoding = 4; lastKnownFileType = sourcecode.c.h; name = PromptView.h; path = "视图/common/PromptView.h"; sourceTree = "<group>"; };
		7C8E25CB1D879A4D001629A7 /* DYProgressHUD.h */ = {isa = PBXFileReference; fileEncoding = 4; lastKnownFileType = sourcecode.c.h; name = DYProgressHUD.h; path = "视图/第三方框架/MBProgressHUD/DYProgressHUD.h"; sourceTree = "<group>"; };
		7C8E25CC1D879A4D001629A7 /* DYProgressHUD.m */ = {isa = PBXFileReference; fileEncoding = 4; lastKnownFileType = sourcecode.c.objc; name = DYProgressHUD.m; path = "视图/第三方框架/MBProgressHUD/DYProgressHUD.m"; sourceTree = "<group>"; };
		7C8E25CD1D879A4D001629A7 /* MBProgressHUD.h */ = {isa = PBXFileReference; fileEncoding = 4; lastKnownFileType = sourcecode.c.h; name = MBProgressHUD.h; path = "视图/第三方框架/MBProgressHUD/MBProgressHUD.h"; sourceTree = "<group>"; };
		7C8E25CE1D879A4D001629A7 /* MBProgressHUD.m */ = {isa = PBXFileReference; fileEncoding = 4; lastKnownFileType = sourcecode.c.objc; name = MBProgressHUD.m; path = "视图/第三方框架/MBProgressHUD/MBProgressHUD.m"; sourceTree = "<group>"; };
		7C8E25D21D879B5B001629A7 /* DYCacheBaseUtil.h */ = {isa = PBXFileReference; fileEncoding = 4; lastKnownFileType = sourcecode.c.h; name = DYCacheBaseUtil.h; path = "数据/DYCacheUtil/DYCacheBaseUtil.h"; sourceTree = "<group>"; };
		7C8E25D31D879B5C001629A7 /* DYCacheBaseUtil.m */ = {isa = PBXFileReference; fileEncoding = 4; lastKnownFileType = sourcecode.c.objc; name = DYCacheBaseUtil.m; path = "数据/DYCacheUtil/DYCacheBaseUtil.m"; sourceTree = "<group>"; };
		7C8E25D41D879B5C001629A7 /* DYCacheKeys.h */ = {isa = PBXFileReference; fileEncoding = 4; lastKnownFileType = sourcecode.c.h; name = DYCacheKeys.h; path = "数据/DYCacheUtil/DYCacheKeys.h"; sourceTree = "<group>"; };
		7C8E25D51D879B5C001629A7 /* DYCacheService.h */ = {isa = PBXFileReference; fileEncoding = 4; lastKnownFileType = sourcecode.c.h; name = DYCacheService.h; path = "数据/DYCacheUtil/DYCacheService.h"; sourceTree = "<group>"; };
		7C8E25D61D879B5C001629A7 /* DYCacheService.m */ = {isa = PBXFileReference; fileEncoding = 4; lastKnownFileType = sourcecode.c.objc; name = DYCacheService.m; path = "数据/DYCacheUtil/DYCacheService.m"; sourceTree = "<group>"; };
		7C8E25D91D879BE2001629A7 /* DYDefine.h */ = {isa = PBXFileReference; lastKnownFileType = sourcecode.c.h; path = DYDefine.h; sourceTree = "<group>"; };
		7C8E25DA1D879C89001629A7 /* NSString+URL.h */ = {isa = PBXFileReference; fileEncoding = 4; lastKnownFileType = sourcecode.c.h; name = "NSString+URL.h"; path = "通讯接口/NSString+URL.h"; sourceTree = "<group>"; };
		7C8E25DB1D879C89001629A7 /* NSString+URL.m */ = {isa = PBXFileReference; fileEncoding = 4; lastKnownFileType = sourcecode.c.objc; name = "NSString+URL.m"; path = "通讯接口/NSString+URL.m"; sourceTree = "<group>"; };
		7C8E25DD1D879D4A001629A7 /* libsqlite3.tbd */ = {isa = PBXFileReference; lastKnownFileType = "sourcecode.text-based-dylib-definition"; name = libsqlite3.tbd; path = usr/lib/libsqlite3.tbd; sourceTree = SDKROOT; };
		7C8E25E41D87A136001629A7 /* PayInfoViewController.h */ = {isa = PBXFileReference; fileEncoding = 4; lastKnownFileType = sourcecode.c.h; name = PayInfoViewController.h; path = "控制器/Pay/PayInfoViewController.h"; sourceTree = "<group>"; };
		7C8E25E51D87A136001629A7 /* PayInfoViewController.m */ = {isa = PBXFileReference; fileEncoding = 4; lastKnownFileType = sourcecode.c.objc; name = PayInfoViewController.m; path = "控制器/Pay/PayInfoViewController.m"; sourceTree = "<group>"; };
		7C8E25E61D87A136001629A7 /* PayInfoViewController.xib */ = {isa = PBXFileReference; fileEncoding = 4; lastKnownFileType = file.xib; name = PayInfoViewController.xib; path = "控制器/Pay/PayInfoViewController.xib"; sourceTree = "<group>"; };
		7C8E25ED1D87A232001629A7 /* Base */ = {isa = PBXFileReference; lastKnownFileType = file.storyboard; name = Base; path = Base.lproj/root.storyboard; sourceTree = "<group>"; };
		7C9109BC1DC74CBA00C31940 /* MyQRCodeViewController.h */ = {isa = PBXFileReference; fileEncoding = 4; lastKnownFileType = sourcecode.c.h; path = MyQRCodeViewController.h; sourceTree = "<group>"; };
		7C9109BD1DC74CBA00C31940 /* MyQRCodeViewController.m */ = {isa = PBXFileReference; fileEncoding = 4; lastKnownFileType = sourcecode.c.objc; path = MyQRCodeViewController.m; sourceTree = "<group>"; };
		7C9109BE1DC74CBA00C31940 /* MyQRCodeViewController.xib */ = {isa = PBXFileReference; fileEncoding = 4; lastKnownFileType = file.xib; path = MyQRCodeViewController.xib; sourceTree = "<group>"; };
		7CA9F33D1D893B44000A405A /* DYLogFormatter.h */ = {isa = PBXFileReference; fileEncoding = 4; lastKnownFileType = sourcecode.c.h; path = DYLogFormatter.h; sourceTree = "<group>"; };
		7CA9F33E1D893B44000A405A /* DYLogFormatter.m */ = {isa = PBXFileReference; fileEncoding = 4; lastKnownFileType = sourcecode.c.objc; path = DYLogFormatter.m; sourceTree = "<group>"; };
		7CC1EDCC1DC884CD00D1D38D /* MyTradeListViewController.h */ = {isa = PBXFileReference; fileEncoding = 4; lastKnownFileType = sourcecode.c.h; path = MyTradeListViewController.h; sourceTree = "<group>"; };
		7CC1EDCD1DC884CD00D1D38D /* MyTradeListViewController.m */ = {isa = PBXFileReference; fileEncoding = 4; lastKnownFileType = sourcecode.c.objc; path = MyTradeListViewController.m; sourceTree = "<group>"; };
		7CC1EDCE1DC884CD00D1D38D /* MyTradeListViewController.xib */ = {isa = PBXFileReference; fileEncoding = 4; lastKnownFileType = file.xib; path = MyTradeListViewController.xib; sourceTree = "<group>"; };
		7CC60D0C1D92762700CF7708 /* MoneyTableViewCell.h */ = {isa = PBXFileReference; fileEncoding = 4; lastKnownFileType = sourcecode.c.h; path = MoneyTableViewCell.h; sourceTree = "<group>"; };
		7CC60D0D1D92762700CF7708 /* MoneyTableViewCell.m */ = {isa = PBXFileReference; fileEncoding = 4; lastKnownFileType = sourcecode.c.objc; path = MoneyTableViewCell.m; sourceTree = "<group>"; };
		7CF5C3A31D913BD10044DF52 /* MoneyViewController.h */ = {isa = PBXFileReference; fileEncoding = 4; lastKnownFileType = sourcecode.c.h; path = MoneyViewController.h; sourceTree = "<group>"; };
		7CF5C3A41D913BD10044DF52 /* MoneyViewController.m */ = {isa = PBXFileReference; fileEncoding = 4; lastKnownFileType = sourcecode.c.objc; path = MoneyViewController.m; sourceTree = "<group>"; };
		7CF5C3A51D913BD10044DF52 /* MoneyViewController.xib */ = {isa = PBXFileReference; fileEncoding = 4; lastKnownFileType = file.xib; path = MoneyViewController.xib; sourceTree = "<group>"; };
		7CF5C3A91D913F580044DF52 /* DYMoneyDataSource.h */ = {isa = PBXFileReference; fileEncoding = 4; lastKnownFileType = sourcecode.c.h; path = DYMoneyDataSource.h; sourceTree = "<group>"; };
		7CF5C3AA1D913F580044DF52 /* DYMoneyDataSource.m */ = {isa = PBXFileReference; fileEncoding = 4; lastKnownFileType = sourcecode.c.objc; path = DYMoneyDataSource.m; sourceTree = "<group>"; };
/* End PBXFileReference section */

/* Begin PBXFrameworksBuildPhase section */
		7C8E22691D868818001629A7 /* Frameworks */ = {
			isa = PBXFrameworksBuildPhase;
			buildActionMask = 2147483647;
			files = (
				7C8E25DE1D879D4A001629A7 /* libsqlite3.tbd in Frameworks */,
				1C37B1C7BD13057FF6C49F3B /* Pods_moa.framework in Frameworks */,
				7C8E24DA1D86AA69001629A7 /* FMDB.framework in Frameworks */,
			);
			runOnlyForDeploymentPostprocessing = 0;
		};
/* End PBXFrameworksBuildPhase section */

/* Begin PBXGroup section */
		0B34A8F61D8FB25E00F30B89 /* 我的 */ = {
			isa = PBXGroup;
			children = (
				0B34A8F71D8FB2F400F30B89 /* MyCenterRootViewController.h */,
				0B34A8F81D8FB2F400F30B89 /* MyCenterRootViewController.m */,
				0B34A8F91D8FB2F400F30B89 /* MyCenterRootViewController.storyboard */,
				7C9109BC1DC74CBA00C31940 /* MyQRCodeViewController.h */,
				7C9109BD1DC74CBA00C31940 /* MyQRCodeViewController.m */,
				7C9109BE1DC74CBA00C31940 /* MyQRCodeViewController.xib */,
			);
			name = "我的";
			path = "控制器/我的";
			sourceTree = "<group>";
		};
		0BBF0C5E1D8FC31700C42A27 /* 我的 */ = {
			isa = PBXGroup;
			children = (
				0BBF0C5F1D8FC31700C42A27 /* DYUserInfoHeadView.h */,
				0BBF0C601D8FC31700C42A27 /* DYUserInfoHeadView.m */,
				0BBF0C611D8FC31700C42A27 /* DYUserInfoHeadView.xib */,
			);
			name = "我的";
			path = "视图/我的";
			sourceTree = "<group>";
		};
		0BBF0C641D8FC40600C42A27 /* 我的 */ = {
			isa = PBXGroup;
			children = (
				0BBF0C651D8FC40600C42A27 /* DYLoginUserInfo.h */,
				0BBF0C661D8FC40600C42A27 /* DYLoginUserInfo.m */,
			);
			name = "我的";
			path = "数据/我的";
			sourceTree = "<group>";
		};
		0BC2BE001D87CEB30087F84D /* 登录 */ = {
			isa = PBXGroup;
			children = (
				0BC2BE131D87E0790087F84D /* MOALoginViewController.h */,
				0BC2BE141D87E0790087F84D /* MOALoginViewController.m */,
				0BC2BE161D87E0D00087F84D /* MOALoginViewController.storyboard */,
				0BC2BE081D87D6BA0087F84D /* 重置密码 */,
			);
			name = "登录";
			path = "控制器/登录";
			sourceTree = "<group>";
		};
		0BC2BE081D87D6BA0087F84D /* 重置密码 */ = {
			isa = PBXGroup;
			children = (
				0BC2BE091D87D6BA0087F84D /* DYResetPasswordStep1Controller.h */,
				0BC2BE0A1D87D6BA0087F84D /* DYResetPasswordStep1Controller.m */,
				0BC2BE0B1D87D6BA0087F84D /* DYResetPasswordStep2Controller.h */,
				0BC2BE0C1D87D6BA0087F84D /* DYResetPasswordStep2Controller.m */,
				0BC2BE0D1D87D6BA0087F84D /* DYResetPasswordViewController.storyboard */,
			);
			path = "重置密码";
			sourceTree = "<group>";
		};
		425184651D87CCE800D94643 /* 扫码 */ = {
			isa = PBXGroup;
			children = (
				425184661D87CCE800D94643 /* ScanViewController.h */,
				425184671D87CCE800D94643 /* ScanViewController.m */,
			);
			name = "扫码";
			path = "控制器/扫码";
			sourceTree = "<group>";
		};
		425184691D87D1A200D94643 /* Root */ = {
			isa = PBXGroup;
			children = (
				4251846A1D87D1CB00D94643 /* MOANavigationViewController.h */,
				4251846B1D87D1CB00D94643 /* MOANavigationViewController.m */,
				4251847A1D88F07B00D94643 /* MOAViewController.h */,
				4251847B1D88F07B00D94643 /* MOAViewController.m */,
				4251847D1D88F91200D94643 /* MOABaseViewController.h */,
				4251847E1D88F91200D94643 /* MOABaseViewController.m */,
			);
			name = Root;
			path = "控制器/Root";
			sourceTree = "<group>";
		};
		4251846D1D87D27B00D94643 /* 工具 */ = {
			isa = PBXGroup;
			children = (
				425184A01D8F9BA800D94643 /* Toast */,
				425184951D8F90F300D94643 /* DYLoadingView */,
				4251846E1D87D27B00D94643 /* UIImage+Creation.h */,
				4251846F1D87D27B00D94643 /* UIImage+Creation.m */,
				0BC2BE1D1D87F3A00087F84D /* DYMessageDefine.h */,
				0BC2BE231D87F4E60087F84D /* DYTextField.h */,
				0BC2BE241D87F4E60087F84D /* DYTextField.m */,
			);
			name = "工具";
			path = "控制器/工具";
			sourceTree = "<group>";
		};
		425184711D87DCC700D94643 /* Pay */ = {
			isa = PBXGroup;
			children = (
				425184721D87DCE400D94643 /* MOAPayDataSourceBase.h */,
				425184731D87DCE400D94643 /* MOAPayDataSourceBase.m */,
				425184891D8927DE00D94643 /* MOATradeInfoAdapter.h */,
				4251848A1D8927DE00D94643 /* MOATradeInfoAdapter.m */,
				4251848C1D89365E00D94643 /* DYCellDataItem.h */,
				4251848D1D89365E00D94643 /* DYCellDataItem.m */,
			);
			name = Pay;
			path = "数据/Pay";
			sourceTree = "<group>";
		};
		425184751D87E93E00D94643 /* 配置文件 */ = {
			isa = PBXGroup;
			children = (
				425184781D87F33C00D94643 /* appConfig.plist */,
				425184761D87E93E00D94643 /* interfaceUri.plist */,
			);
			path = "配置文件";
			sourceTree = "<group>";
		};
		425184801D88FAB200D94643 /* 交易详情 */ = {
			isa = PBXGroup;
			children = (
				425184811D88FADA00D94643 /* MOATradeDetailViewController.h */,
				425184821D88FADA00D94643 /* MOATradeDetailViewController.m */,
				425184831D88FADA00D94643 /* MOATradeDetailViewController.xib */,
				7CC1EDCC1DC884CD00D1D38D /* MyTradeListViewController.h */,
				7CC1EDCD1DC884CD00D1D38D /* MyTradeListViewController.m */,
				7CC1EDCE1DC884CD00D1D38D /* MyTradeListViewController.xib */,
			);
			name = "交易详情";
			path = "控制器/交易详情";
			sourceTree = "<group>";
		};
		4251848F1D896A2000D94643 /* 交易详情 */ = {
			isa = PBXGroup;
			children = (
				425184901D896A4300D94643 /* MOATradeDetailTableViewCell.h */,
				425184911D896A4300D94643 /* MOATradeDetailTableViewCell.m */,
				425184921D896A4300D94643 /* MOATradeDetailTableViewCell.xib */,
			);
			name = "交易详情";
			path = "视图/交易详情";
			sourceTree = "<group>";
		};
		425184951D8F90F300D94643 /* DYLoadingView */ = {
			isa = PBXGroup;
			children = (
				425184961D8F90F300D94643 /* DYLoadingView.h */,
				425184971D8F90F300D94643 /* DYLoadingView.m */,
				425184981D8F90F300D94643 /* DYLoadingViewManager.h */,
				425184991D8F90F300D94643 /* DYLoadingViewManager.m */,
				4251849A1D8F90F300D94643 /* DYLoadingViewProtocol.h */,
				4251849B1D8F90F300D94643 /* DYWindowLoadingView.h */,
				4251849C1D8F90F300D94643 /* DYWindowLoadingView.m */,
			);
			path = DYLoadingView;
			sourceTree = "<group>";
		};
		425184A01D8F9BA800D94643 /* Toast */ = {
			isa = PBXGroup;
			children = (
				425184A11D8F9BA800D94643 /* Toast+UIView.h */,
				425184A21D8F9BA800D94643 /* Toast+UIView.m */,
			);
			path = Toast;
			sourceTree = "<group>";
		};
		45D9AF875E78AD2BF8D4BAA0 /* Pods */ = {
			isa = PBXGroup;
			children = (
				7934F90E61BCEC3D83B882EE /* Pods-moa.debug.xcconfig */,
				7B2E93E2BEA202F251D97551 /* Pods-moa.release.xcconfig */,
			);
			name = Pods;
			sourceTree = "<group>";
		};
		7C8E22631D868818001629A7 = {
			isa = PBXGroup;
			children = (
				7C8E226E1D868818001629A7 /* moa */,
				7C8E226D1D868818001629A7 /* Products */,
				45D9AF875E78AD2BF8D4BAA0 /* Pods */,
				DA6090B5A88B927F2EFF2E42 /* Frameworks */,
			);
			sourceTree = "<group>";
		};
		7C8E226D1D868818001629A7 /* Products */ = {
			isa = PBXGroup;
			children = (
				7C8E226C1D868818001629A7 /* moa.app */,
			);
			name = Products;
			sourceTree = "<group>";
		};
		7C8E226E1D868818001629A7 /* moa */ = {
			isa = PBXGroup;
			children = (
				425184751D87E93E00D94643 /* 配置文件 */,
				7C8E25DF1D87A111001629A7 /* 控制器 */,
				7C8E25BE1D879905001629A7 /* 视图 */,
				7C8E25331D8794BD001629A7 /* 通讯接口 */,
				7C8E25321D8794B1001629A7 /* 数据 */,
				7C8E22721D868818001629A7 /* AppDelegate.h */,
				7C8E22731D868818001629A7 /* AppDelegate.m */,
				7CA9F33D1D893B44000A405A /* DYLogFormatter.h */,
				7CA9F33E1D893B44000A405A /* DYLogFormatter.m */,
				7C8E227B1D868818001629A7 /* Assets.xcassets */,
				7C8E22801D868818001629A7 /* Info.plist */,
				7C8E227D1D868818001629A7 /* LaunchScreen.storyboard */,
				7C8E226F1D868818001629A7 /* Supporting Files */,
			);
			path = moa;
			sourceTree = "<group>";
		};
		7C8E226F1D868818001629A7 /* Supporting Files */ = {
			isa = PBXGroup;
			children = (
				7C8E24D81D86A4BC001629A7 /* moa-Prefix.pch */,
				7C8E22701D868818001629A7 /* main.m */,
			);
			name = "Supporting Files";
			sourceTree = "<group>";
		};
		7C8E25321D8794B1001629A7 /* 数据 */ = {
			isa = PBXGroup;
			children = (
				7CF5C3A81D913F2D0044DF52 /* 熊猫币 */,
				0BBF0C641D8FC40600C42A27 /* 我的 */,
				425184711D87DCC700D94643 /* Pay */,
				7C8E25D11D879B4D001629A7 /* DYCacheUtil */,
				7C8E25341D8794D1001629A7 /* Authority */,
				7C8E259E1D8794F4001629A7 /* DatabaseDefine.h */,
				7C8E259F1D8794F4001629A7 /* DYAppConfigManager.h */,
				7C8E25A01D8794F4001629A7 /* DYAppConfigManager.m */,
				7C8E25A21D8794F4001629A7 /* DYAutoJumpParamsDefine.h */,
				7C8E25A31D8794F4001629A7 /* DYAutoSaver.h */,
				7C8E25A41D8794F4001629A7 /* DYAutoSaver.m */,
				7C8E259C1D8794F4001629A7 /* DYDataSourceBase.h */,
				7C8E25991D8794F4001629A7 /* DYDataSourceBase.m */,
				7C8E25A51D8794F4001629A7 /* DYDataSourceError.h */,
				7C8E25A61D8794F4001629A7 /* DYDataSourceError.m */,
				7C8E259D1D8794F4001629A7 /* DYNoticeInfoManager.h */,
				7C8E25A91D8794F4001629A7 /* DYNoticeInfoManager.m */,
				7C8E25AA1D8794F4001629A7 /* DYResultHeaderHandleHelper.h */,
				7C8E25AB1D8794F4001629A7 /* DYResultHeaderHandleHelper.m */,
				7C8E25AE1D8794F4001629A7 /* SEDatabase.h */,
				7C8E259A1D8794F4001629A7 /* SEDatabase.m */,
				7C8E25AF1D8794F4001629A7 /* SEUtilities.h */,
				7C8E25B01D8794F4001629A7 /* SEUtilities.m */,
			);
			name = "数据";
			sourceTree = "<group>";
		};
		7C8E25331D8794BD001629A7 /* 通讯接口 */ = {
			isa = PBXGroup;
			children = (
				425184861D89219F00D94643 /* DYJsonRequestWithTextHtmlResponseRequest.h */,
				425184871D89219F00D94643 /* DYJsonRequestWithTextHtmlResponseRequest.m */,
				7C8E25451D8794DB001629A7 /* DYAppModuleItem.h */,
				7C8E25461D8794DB001629A7 /* DYAppModuleItem.m */,
				7C8E25471D8794DB001629A7 /* DYAppPushDataSource.h */,
				7C8E25481D8794DB001629A7 /* DYAppPushDataSource.m */,
				7C8E25491D8794DB001629A7 /* DYAuthTokenManager.h */,
				7C8E25401D8794DB001629A7 /* DYAuthTokenManager.m */,
				7C8E25391D8794DB001629A7 /* DYCacheManager.h */,
				7C8E253A1D8794DB001629A7 /* DYCacheManager.m */,
				7C8E254A1D8794DB001629A7 /* DYErrorHandlerBase.h */,
				7C8E254B1D8794DB001629A7 /* DYErrorHandlerBase.m */,
				7C8E254C1D8794DB001629A7 /* DYErrorHandlerHelper.h */,
				7C8E254D1D8794DB001629A7 /* DYErrorHandlerHelper.m */,
				7C8E254E1D8794DB001629A7 /* DYErrorHelper.h */,
				7C8E253B1D8794DB001629A7 /* DYErrorHelper.m */,
				7C8E25421D8794DB001629A7 /* DYHttpRequestWithCacheOperationManager.h */,
				7C8E25351D8794DB001629A7 /* DYHttpRequestWithCacheOperationManager.m */,
				7C8E253E1D8794DB001629A7 /* DYInterfaceIdDef.h */,
				7C8E25411D8794DB001629A7 /* DYInterfaceInfo.h */,
				7C8E254F1D8794DB001629A7 /* DYInterfaceInfo.m */,
				7C8E25501D8794DB001629A7 /* DYInterfacePropertiesManager.h */,
				7C8E25511D8794DB001629A7 /* DYInterfacePropertiesManager.m */,
				7C8E25521D8794DB001629A7 /* DYInterfaceReqeustItem.h */,
				7C8E25531D8794DB001629A7 /* DYInterfaceReqeustItem.m */,
				7C8E25431D8794DB001629A7 /* DYInterfaceRequesterBase.h */,
				7C8E25361D8794DB001629A7 /* DYInterfaceRequesterBase.m */,
				7C8E253F1D8794DB001629A7 /* DYInterfaceRequestHelper.h */,
				7C8E25371D8794DB001629A7 /* DYInterfaceRequestHelper.m */,
				7C8E25541D8794DB001629A7 /* DYJsonRequestWithGBufResponseRequest.h */,
				7C8E25551D8794DB001629A7 /* DYJsonRequestWithGBufResponseRequest.m */,
				7C8E25561D8794DB001629A7 /* DYJsonRequestWithJsonResponseRequest.h */,
				7C8E25571D8794DB001629A7 /* DYJsonRequestWithJsonResponseRequest.m */,
				7C8E25581D8794DB001629A7 /* DYMutipartFormDataRequest.h */,
				7C8E25591D8794DB001629A7 /* DYMutipartFormDataRequest.m */,
				7C8E255A1D8794DB001629A7 /* DYNetStatusManager.h */,
				7C8E255B1D8794DB001629A7 /* DYNetStatusManager.m */,
				7C8E255C1D8794DB001629A7 /* DYNotifiesRequest.h */,
				7C8E25441D8794DB001629A7 /* DYNotifiesRequest.m */,
				7C8E255D1D8794DB001629A7 /* DYUserAuthorityData.h */,
				7C8E255E1D8794DB001629A7 /* DYUserAuthorityData.m */,
				7C8E255F1D8794DB001629A7 /* DYXFormRequestWithJsonResponseRequest.h */,
				7C8E25601D8794DB001629A7 /* DYXFormRequestWithJsonResponseRequest.m */,
				7C8E25611D8794DB001629A7 /* NSObject+Representation.h */,
				7C8E25621D8794DB001629A7 /* NSObject+Representation.m */,
				7C8E25DA1D879C89001629A7 /* NSString+URL.h */,
				7C8E25DB1D879C89001629A7 /* NSString+URL.m */,
			);
			name = "通讯接口";
			sourceTree = "<group>";
		};
		7C8E25341D8794D1001629A7 /* Authority */ = {
			isa = PBXGroup;
			children = (
				7C8E25801D8794EA001629A7 /* DYAuthorityChangePasswordDataSource.h */,
				7C8E257C1D8794EA001629A7 /* DYAuthorityChangePasswordDataSource.m */,
				7C8E25811D8794EA001629A7 /* DYAuthorityDataSource.h */,
				7C8E257F1D8794EA001629A7 /* DYAuthorityDataSource.m */,
				0BC014371D89165000FED226 /* DYAppNotification.h */,
				0BC014381D89165000FED226 /* DYAppNotification.m */,
				7C8E25821D8794EA001629A7 /* DYAuthorityLoginDataSource.h */,
				7C8E257D1D8794EA001629A7 /* DYAuthorityLoginDataSource.m */,
				7C8E25831D8794EA001629A7 /* DYAuthorityManager.h */,
				7C8E257B1D8794EA001629A7 /* DYAuthorityManager.m */,
				7C8E25841D8794EA001629A7 /* DYAuthorityRegisterDataSource.h */,
				7C8E25851D8794EA001629A7 /* DYAuthorityRegisterDataSource.m */,
				7C8E25861D8794EA001629A7 /* DYAuthorityResetPasswordDataSource.h */,
				7C8E25871D8794EA001629A7 /* DYAuthorityResetPasswordDataSource.m */,
				7C8E25881D8794EA001629A7 /* DYAuthorityResponseHelper.h */,
				7C8E257E1D8794EA001629A7 /* DYAuthorityResponseHelper.m */,
				7C8E25891D8794EA001629A7 /* DYGetUserInfoDataSource.h */,
				7C8E258A1D8794EA001629A7 /* DYGetUserInfoDataSource.m */,
				7C8E258B1D8794EA001629A7 /* UIButton+DatayesAuthority.h */,
				7C8E258C1D8794EA001629A7 /* UIButton+DatayesAuthority.m */,
				7C8E258D1D8794EA001629A7 /* UIImageView+DatayesAuthority.h */,
				7C8E258E1D8794EA001629A7 /* UIImageView+DatayesAuthority.m */,
			);
			name = Authority;
			sourceTree = "<group>";
		};
		7C8E25BE1D879905001629A7 /* 视图 */ = {
			isa = PBXGroup;
			children = (
				7CC60D0B1D92760500CF7708 /* 熊猫币 */,
				4251848F1D896A2000D94643 /* 交易详情 */,
				7C8E25C91D879A1E001629A7 /* 第三方框架 */,
				7C8E25BF1D87990C001629A7 /* Common */,
				0BBF0C5E1D8FC31700C42A27 /* 我的 */,
			);
			name = "视图";
			sourceTree = "<group>";
		};
		7C8E25BF1D87990C001629A7 /* Common */ = {
			isa = PBXGroup;
			children = (
				7C8E25D91D879BE2001629A7 /* DYDefine.h */,
				7C8E25C51D879977001629A7 /* DYDataSourceErrorView.h */,
				7C8E25C31D879977001629A7 /* DYDataSourceErrorView.m */,
				7C8E25C61D879977001629A7 /* PromptView.h */,
				7C8E25C41D879977001629A7 /* PromptView.m */,
			);
			name = Common;
			sourceTree = "<group>";
		};
		7C8E25C91D879A1E001629A7 /* 第三方框架 */ = {
			isa = PBXGroup;
			children = (
				7C8E25CA1D879A31001629A7 /* MBProgressHUD */,
			);
			name = "第三方框架";
			sourceTree = "<group>";
		};
		7C8E25CA1D879A31001629A7 /* MBProgressHUD */ = {
			isa = PBXGroup;
			children = (
				7C8E25CB1D879A4D001629A7 /* DYProgressHUD.h */,
				7C8E25CC1D879A4D001629A7 /* DYProgressHUD.m */,
				7C8E25CD1D879A4D001629A7 /* MBProgressHUD.h */,
				7C8E25CE1D879A4D001629A7 /* MBProgressHUD.m */,
			);
			name = MBProgressHUD;
			sourceTree = "<group>";
		};
		7C8E25D11D879B4D001629A7 /* DYCacheUtil */ = {
			isa = PBXGroup;
			children = (
				7C8E25D21D879B5B001629A7 /* DYCacheBaseUtil.h */,
				7C8E25D31D879B5C001629A7 /* DYCacheBaseUtil.m */,
				7C8E25D41D879B5C001629A7 /* DYCacheKeys.h */,
				7C8E25D51D879B5C001629A7 /* DYCacheService.h */,
				7C8E25D61D879B5C001629A7 /* DYCacheService.m */,
			);
			name = DYCacheUtil;
			sourceTree = "<group>";
		};
		7C8E25DF1D87A111001629A7 /* 控制器 */ = {
			isa = PBXGroup;
			children = (
				7CF5C3A21D913B990044DF52 /* 熊猫币 */,
				425184801D88FAB200D94643 /* 交易详情 */,
				7C8E25EC1D87A232001629A7 /* root.storyboard */,
				4251846D1D87D27B00D94643 /* 工具 */,
				425184691D87D1A200D94643 /* Root */,
				425184651D87CCE800D94643 /* 扫码 */,
				7C8E25E01D87A11B001629A7 /* Pay */,
				0B34A8F61D8FB25E00F30B89 /* 我的 */,
				0BC2BE001D87CEB30087F84D /* 登录 */,
			);
			name = "控制器";
			sourceTree = "<group>";
		};
		7C8E25E01D87A11B001629A7 /* Pay */ = {
			isa = PBXGroup;
			children = (
				7C8E25E41D87A136001629A7 /* PayInfoViewController.h */,
				7C8E25E51D87A136001629A7 /* PayInfoViewController.m */,
				7C8E25E61D87A136001629A7 /* PayInfoViewController.xib */,
				42590C5F1D894A3D008B5B78 /* PaySuccessViewController.h */,
				42590C601D894A3D008B5B78 /* PaySuccessViewController.m */,
				42590C611D894A3D008B5B78 /* PaySuccessViewController.xib */,
			);
			name = Pay;
			sourceTree = "<group>";
		};
		7CC60D0B1D92760500CF7708 /* 熊猫币 */ = {
			isa = PBXGroup;
			children = (
				7CC60D0C1D92762700CF7708 /* MoneyTableViewCell.h */,
				7CC60D0D1D92762700CF7708 /* MoneyTableViewCell.m */,
			);
			name = "熊猫币";
			path = "视图/熊猫币";
			sourceTree = "<group>";
		};
		7CF5C3A21D913B990044DF52 /* 熊猫币 */ = {
			isa = PBXGroup;
			children = (
				7CF5C3A31D913BD10044DF52 /* MoneyViewController.h */,
				7CF5C3A41D913BD10044DF52 /* MoneyViewController.m */,
				7CF5C3A51D913BD10044DF52 /* MoneyViewController.xib */,
			);
			name = "熊猫币";
			path = "控制器/熊猫币";
			sourceTree = "<group>";
		};
		7CF5C3A81D913F2D0044DF52 /* 熊猫币 */ = {
			isa = PBXGroup;
			children = (
				7CF5C3A91D913F580044DF52 /* DYMoneyDataSource.h */,
				7CF5C3AA1D913F580044DF52 /* DYMoneyDataSource.m */,
			);
			name = "熊猫币";
			path = "数据/熊猫币";
			sourceTree = "<group>";
		};
		DA6090B5A88B927F2EFF2E42 /* Frameworks */ = {
			isa = PBXGroup;
			children = (
				7C8E25DD1D879D4A001629A7 /* libsqlite3.tbd */,
				7C8E24D91D86AA69001629A7 /* FMDB.framework */,
				1519EB01F7CCA22839538B31 /* Pods_moa.framework */,
			);
			name = Frameworks;
			sourceTree = "<group>";
		};
/* End PBXGroup section */

/* Begin PBXNativeTarget section */
		7C8E226B1D868818001629A7 /* moa */ = {
			isa = PBXNativeTarget;
			buildConfigurationList = 7C8E22831D868818001629A7 /* Build configuration list for PBXNativeTarget "moa" */;
			buildPhases = (
				A0D9405DF7ED28CC5D801380 /* [CP] Check Pods Manifest.lock */,
				7C8E22681D868818001629A7 /* Sources */,
				7C8E22691D868818001629A7 /* Frameworks */,
				7C8E226A1D868818001629A7 /* Resources */,
				E2D74E8931F5A7293CF57D36 /* [CP] Embed Pods Frameworks */,
				4B940D61AC8848BD5523454D /* [CP] Copy Pods Resources */,
			);
			buildRules = (
			);
			dependencies = (
			);
			name = moa;
			productName = moa;
			productReference = 7C8E226C1D868818001629A7 /* moa.app */;
			productType = "com.apple.product-type.application";
		};
/* End PBXNativeTarget section */

/* Begin PBXProject section */
		7C8E22641D868818001629A7 /* Project object */ = {
			isa = PBXProject;
			attributes = {
				LastUpgradeCheck = 0800;
				ORGANIZATIONNAME = datayes;
				TargetAttributes = {
					7C8E226B1D868818001629A7 = {
						CreatedOnToolsVersion = 7.3.1;
						DevelopmentTeam = 54LMN39WV7;
					};
				};
			};
			buildConfigurationList = 7C8E22671D868818001629A7 /* Build configuration list for PBXProject "moa" */;
			compatibilityVersion = "Xcode 3.2";
			developmentRegion = English;
			hasScannedForEncodings = 0;
			knownRegions = (
				en,
				Base,
			);
			mainGroup = 7C8E22631D868818001629A7;
			productRefGroup = 7C8E226D1D868818001629A7 /* Products */;
			projectDirPath = "";
			projectRoot = "";
			targets = (
				7C8E226B1D868818001629A7 /* moa */,
			);
		};
/* End PBXProject section */

/* Begin PBXResourcesBuildPhase section */
		7C8E226A1D868818001629A7 /* Resources */ = {
			isa = PBXResourcesBuildPhase;
			buildActionMask = 2147483647;
			files = (
				425184771D87E93E00D94643 /* interfaceUri.plist in Resources */,
				425184791D87F33C00D94643 /* appConfig.plist in Resources */,
				7C8E227F1D868818001629A7 /* LaunchScreen.storyboard in Resources */,
				7C8E227C1D868818001629A7 /* Assets.xcassets in Resources */,
				0BC2BE171D87E0D00087F84D /* MOALoginViewController.storyboard in Resources */,
				425184941D896A4300D94643 /* MOATradeDetailTableViewCell.xib in Resources */,
				0BBF0C631D8FC31700C42A27 /* DYUserInfoHeadView.xib in Resources */,
				425184851D88FADA00D94643 /* MOATradeDetailViewController.xib in Resources */,
				7C9109C01DC74CBA00C31940 /* MyQRCodeViewController.xib in Resources */,
				7C8E25EE1D87A232001629A7 /* root.storyboard in Resources */,
				7C8E25E81D87A136001629A7 /* PayInfoViewController.xib in Resources */,
				0BC2BE101D87D6BA0087F84D /* DYResetPasswordViewController.storyboard in Resources */,
				0B34A8FB1D8FB2F400F30B89 /* MyCenterRootViewController.storyboard in Resources */,
				42590C631D894A3D008B5B78 /* PaySuccessViewController.xib in Resources */,
				7CF5C3A71D913BD10044DF52 /* MoneyViewController.xib in Resources */,
				7CC1EDD01DC884CD00D1D38D /* MyTradeListViewController.xib in Resources */,
			);
			runOnlyForDeploymentPostprocessing = 0;
		};
/* End PBXResourcesBuildPhase section */

/* Begin PBXShellScriptBuildPhase section */
		4B940D61AC8848BD5523454D /* [CP] Copy Pods Resources */ = {
			isa = PBXShellScriptBuildPhase;
			buildActionMask = 2147483647;
			files = (
			);
			inputPaths = (
			);
			name = "[CP] Copy Pods Resources";
			outputPaths = (
			);
			runOnlyForDeploymentPostprocessing = 0;
			shellPath = /bin/sh;
			shellScript = "\"${SRCROOT}/Pods/Target Support Files/Pods-moa/Pods-moa-resources.sh\"\n";
			showEnvVarsInLog = 0;
		};
		A0D9405DF7ED28CC5D801380 /* [CP] Check Pods Manifest.lock */ = {
			isa = PBXShellScriptBuildPhase;
			buildActionMask = 2147483647;
			files = (
			);
			inputPaths = (
			);
			name = "[CP] Check Pods Manifest.lock";
			outputPaths = (
			);
			runOnlyForDeploymentPostprocessing = 0;
			shellPath = /bin/sh;
			shellScript = "diff \"${PODS_ROOT}/../Podfile.lock\" \"${PODS_ROOT}/Manifest.lock\" > /dev/null\nif [ $? != 0 ] ; then\n    # print error to STDERR\n    echo \"error: The sandbox is not in sync with the Podfile.lock. Run 'pod install' or update your CocoaPods installation.\" >&2\n    exit 1\nfi\n";
			showEnvVarsInLog = 0;
		};
		E2D74E8931F5A7293CF57D36 /* [CP] Embed Pods Frameworks */ = {
			isa = PBXShellScriptBuildPhase;
			buildActionMask = 2147483647;
			files = (
			);
			inputPaths = (
			);
			name = "[CP] Embed Pods Frameworks";
			outputPaths = (
			);
			runOnlyForDeploymentPostprocessing = 0;
			shellPath = /bin/sh;
			shellScript = "\"${SRCROOT}/Pods/Target Support Files/Pods-moa/Pods-moa-frameworks.sh\"\n";
			showEnvVarsInLog = 0;
		};
/* End PBXShellScriptBuildPhase section */

/* Begin PBXSourcesBuildPhase section */
		7C8E22681D868818001629A7 /* Sources */ = {
			isa = PBXSourcesBuildPhase;
			buildActionMask = 2147483647;
			files = (
				425184A31D8F9BA800D94643 /* Toast+UIView.m in Sources */,
				4251849D1D8F90F300D94643 /* DYLoadingView.m in Sources */,
				7C8E258F1D8794EA001629A7 /* DYAuthorityManager.m in Sources */,
				425184681D87CCE800D94643 /* ScanViewController.m in Sources */,
				7C8E25971D8794EA001629A7 /* UIButton+DatayesAuthority.m in Sources */,
				7C8E25911D8794EA001629A7 /* DYAuthorityLoginDataSource.m in Sources */,
				7C8E25771D8794DB001629A7 /* DYNetStatusManager.m in Sources */,
				7C8E25641D8794DB001629A7 /* DYHttpRequestWithCacheOperationManager.m in Sources */,
				7C8E25791D8794DB001629A7 /* DYXFormRequestWithJsonResponseRequest.m in Sources */,
				425184931D896A4300D94643 /* MOATradeDetailTableViewCell.m in Sources */,
				7CF5C3AB1D913F580044DF52 /* DYMoneyDataSource.m in Sources */,
				7C8E25701D8794DB001629A7 /* DYErrorHandlerHelper.m in Sources */,
				7C8E25D01D879A4D001629A7 /* MBProgressHUD.m in Sources */,
				7C8E25951D8794EA001629A7 /* DYAuthorityResetPasswordDataSource.m in Sources */,
				4251846C1D87D1CB00D94643 /* MOANavigationViewController.m in Sources */,
				7C8E25B21D8794F4001629A7 /* DYDataSourceBase.m in Sources */,
				7C8E25741D8794DB001629A7 /* DYJsonRequestWithGBufResponseRequest.m in Sources */,
				7C8E25751D8794DB001629A7 /* DYJsonRequestWithJsonResponseRequest.m in Sources */,
				4251849F1D8F90F300D94643 /* DYWindowLoadingView.m in Sources */,
				7C8E25691D8794DB001629A7 /* DYErrorHelper.m in Sources */,
				425184741D87DCE400D94643 /* MOAPayDataSourceBase.m in Sources */,
				7C8E25D81D879B5C001629A7 /* DYCacheService.m in Sources */,
				7CF5C3A61D913BD10044DF52 /* MoneyViewController.m in Sources */,
				7CA9F33F1D893B44000A405A /* DYLogFormatter.m in Sources */,
				4251848E1D89365E00D94643 /* DYCellDataItem.m in Sources */,
				7C8E25BC1D8794F4001629A7 /* SEUtilities.m in Sources */,
				7C8E256D1D8794DB001629A7 /* DYAppModuleItem.m in Sources */,
				7C8E25C81D879977001629A7 /* PromptView.m in Sources */,
				7C8E25BA1D8794F4001629A7 /* DYResultHeaderHandleHelper.m in Sources */,
				0BBF0C621D8FC31700C42A27 /* DYUserInfoHeadView.m in Sources */,
				7C9109BF1DC74CBA00C31940 /* MyQRCodeViewController.m in Sources */,
				7C8E256E1D8794DB001629A7 /* DYAppPushDataSource.m in Sources */,
				7C8E25711D8794DB001629A7 /* DYInterfaceInfo.m in Sources */,
				7C8E22741D868818001629A7 /* AppDelegate.m in Sources */,
				425184701D87D27B00D94643 /* UIImage+Creation.m in Sources */,
				7C8E25961D8794EA001629A7 /* DYGetUserInfoDataSource.m in Sources */,
				7C8E25E71D87A136001629A7 /* PayInfoViewController.m in Sources */,
				4251849E1D8F90F300D94643 /* DYLoadingViewManager.m in Sources */,
				7C8E25661D8794DB001629A7 /* DYInterfaceRequestHelper.m in Sources */,
				7C8E256C1D8794DB001629A7 /* DYNotifiesRequest.m in Sources */,
				4251847C1D88F07B00D94643 /* MOAViewController.m in Sources */,
				7C8E25681D8794DB001629A7 /* DYCacheManager.m in Sources */,
				7C8E25931D8794EA001629A7 /* DYAuthorityDataSource.m in Sources */,
				7C8E25981D8794EA001629A7 /* UIImageView+DatayesAuthority.m in Sources */,
				7C8E257A1D8794DB001629A7 /* NSObject+Representation.m in Sources */,
				0BC2BE0E1D87D6BA0087F84D /* DYResetPasswordStep1Controller.m in Sources */,
				0B34A8FA1D8FB2F400F30B89 /* MyCenterRootViewController.m in Sources */,
				7C8E256F1D8794DB001629A7 /* DYErrorHandlerBase.m in Sources */,
				7CC60D0F1D92762700CF7708 /* MoneyTableViewCell.m in Sources */,
				7C8E25B31D8794F4001629A7 /* SEDatabase.m in Sources */,
				7C8E25781D8794DB001629A7 /* DYUserAuthorityData.m in Sources */,
				7C8E25DC1D879C89001629A7 /* NSString+URL.m in Sources */,
				0BC2BE251D87F4E60087F84D /* DYTextField.m in Sources */,
				4251847F1D88F91200D94643 /* MOABaseViewController.m in Sources */,
				7C8E25761D8794DB001629A7 /* DYMutipartFormDataRequest.m in Sources */,
				0BC2BE0F1D87D6BA0087F84D /* DYResetPasswordStep2Controller.m in Sources */,
				7C8E256B1D8794DB001629A7 /* DYAuthTokenManager.m in Sources */,
				4251848B1D8927DE00D94643 /* MOATradeInfoAdapter.m in Sources */,
				7C8E25941D8794EA001629A7 /* DYAuthorityRegisterDataSource.m in Sources */,
				7C8E25B61D8794F4001629A7 /* DYAutoSaver.m in Sources */,
				7C8E25901D8794EA001629A7 /* DYAuthorityChangePasswordDataSource.m in Sources */,
				425184841D88FADA00D94643 /* MOATradeDetailViewController.m in Sources */,
				0BBF0C671D8FC40600C42A27 /* DYLoginUserInfo.m in Sources */,
				0BC2BE151D87E0790087F84D /* MOALoginViewController.m in Sources */,
				7C8E25CF1D879A4D001629A7 /* DYProgressHUD.m in Sources */,
				7C8E25731D8794DB001629A7 /* DYInterfaceReqeustItem.m in Sources */,
				7CC1EDCF1DC884CD00D1D38D /* MyTradeListViewController.m in Sources */,
				7C8E25C71D879977001629A7 /* DYDataSourceErrorView.m in Sources */,
				7C8E25B91D8794F4001629A7 /* DYNoticeInfoManager.m in Sources */,
				7C8E25651D8794DB001629A7 /* DYInterfaceRequesterBase.m in Sources */,
				7C8E25B71D8794F4001629A7 /* DYDataSourceError.m in Sources */,
				7C8E25D71D879B5C001629A7 /* DYCacheBaseUtil.m in Sources */,
				425184881D89219F00D94643 /* DYJsonRequestWithTextHtmlResponseRequest.m in Sources */,
				7C8E22711D868818001629A7 /* main.m in Sources */,
				7C8E25921D8794EA001629A7 /* DYAuthorityResponseHelper.m in Sources */,
				0BC014391D89165000FED226 /* DYAppNotification.m in Sources */,
				7C8E25721D8794DB001629A7 /* DYInterfacePropertiesManager.m in Sources */,
				42590C621D894A3D008B5B78 /* PaySuccessViewController.m in Sources */,
				7C8E25B51D8794F4001629A7 /* DYAppConfigManager.m in Sources */,
			);
			runOnlyForDeploymentPostprocessing = 0;
		};
/* End PBXSourcesBuildPhase section */

/* Begin PBXVariantGroup section */
		7C8E227D1D868818001629A7 /* LaunchScreen.storyboard */ = {
			isa = PBXVariantGroup;
			children = (
				7C8E227E1D868818001629A7 /* Base */,
			);
			name = LaunchScreen.storyboard;
			sourceTree = "<group>";
		};
		7C8E25EC1D87A232001629A7 /* root.storyboard */ = {
			isa = PBXVariantGroup;
			children = (
				7C8E25ED1D87A232001629A7 /* Base */,
			);
			name = root.storyboard;
			sourceTree = "<group>";
		};
/* End PBXVariantGroup section */

/* Begin XCBuildConfiguration section */
		7C8E22811D868818001629A7 /* Debug */ = {
			isa = XCBuildConfiguration;
			buildSettings = {
				ALWAYS_SEARCH_USER_PATHS = NO;
				CLANG_ANALYZER_NONNULL = YES;
				CLANG_CXX_LANGUAGE_STANDARD = "gnu++0x";
				CLANG_CXX_LIBRARY = "libc++";
				CLANG_ENABLE_MODULES = YES;
				CLANG_ENABLE_OBJC_ARC = YES;
				CLANG_WARN_BOOL_CONVERSION = YES;
				CLANG_WARN_CONSTANT_CONVERSION = YES;
				CLANG_WARN_DIRECT_OBJC_ISA_USAGE = YES_ERROR;
				CLANG_WARN_EMPTY_BODY = YES;
				CLANG_WARN_ENUM_CONVERSION = YES;
				CLANG_WARN_INFINITE_RECURSION = YES;
				CLANG_WARN_INT_CONVERSION = YES;
				CLANG_WARN_OBJC_ROOT_CLASS = YES_ERROR;
				CLANG_WARN_SUSPICIOUS_MOVE = YES;
				CLANG_WARN_UNREACHABLE_CODE = YES;
				CLANG_WARN__DUPLICATE_METHOD_MATCH = YES;
				"CODE_SIGN_IDENTITY[sdk=iphoneos*]" = "iPhone Developer";
				COPY_PHASE_STRIP = NO;
				DEBUG_INFORMATION_FORMAT = dwarf;
				ENABLE_STRICT_OBJC_MSGSEND = YES;
				ENABLE_TESTABILITY = YES;
				GCC_C_LANGUAGE_STANDARD = gnu99;
				GCC_DYNAMIC_NO_PIC = NO;
				GCC_NO_COMMON_BLOCKS = YES;
				GCC_OPTIMIZATION_LEVEL = 0;
				GCC_PREPROCESSOR_DEFINITIONS = (
					"DEBUG=1",
					"$(inherited)",
				);
				GCC_WARN_64_TO_32_BIT_CONVERSION = YES;
				GCC_WARN_ABOUT_RETURN_TYPE = YES_ERROR;
				GCC_WARN_UNDECLARED_SELECTOR = YES;
				GCC_WARN_UNINITIALIZED_AUTOS = YES_AGGRESSIVE;
				GCC_WARN_UNUSED_FUNCTION = YES;
				GCC_WARN_UNUSED_VARIABLE = YES;
				IPHONEOS_DEPLOYMENT_TARGET = 9.3;
				MTL_ENABLE_DEBUG_INFO = YES;
				ONLY_ACTIVE_ARCH = YES;
				SDKROOT = iphoneos;
			};
			name = Debug;
		};
		7C8E22821D868818001629A7 /* Release */ = {
			isa = XCBuildConfiguration;
			buildSettings = {
				ALWAYS_SEARCH_USER_PATHS = NO;
				CLANG_ANALYZER_NONNULL = YES;
				CLANG_CXX_LANGUAGE_STANDARD = "gnu++0x";
				CLANG_CXX_LIBRARY = "libc++";
				CLANG_ENABLE_MODULES = YES;
				CLANG_ENABLE_OBJC_ARC = YES;
				CLANG_WARN_BOOL_CONVERSION = YES;
				CLANG_WARN_CONSTANT_CONVERSION = YES;
				CLANG_WARN_DIRECT_OBJC_ISA_USAGE = YES_ERROR;
				CLANG_WARN_EMPTY_BODY = YES;
				CLANG_WARN_ENUM_CONVERSION = YES;
				CLANG_WARN_INFINITE_RECURSION = YES;
				CLANG_WARN_INT_CONVERSION = YES;
				CLANG_WARN_OBJC_ROOT_CLASS = YES_ERROR;
				CLANG_WARN_SUSPICIOUS_MOVE = YES;
				CLANG_WARN_UNREACHABLE_CODE = YES;
				CLANG_WARN__DUPLICATE_METHOD_MATCH = YES;
				"CODE_SIGN_IDENTITY[sdk=iphoneos*]" = "iPhone Developer";
				COPY_PHASE_STRIP = NO;
				DEBUG_INFORMATION_FORMAT = "dwarf-with-dsym";
				ENABLE_NS_ASSERTIONS = NO;
				ENABLE_STRICT_OBJC_MSGSEND = YES;
				GCC_C_LANGUAGE_STANDARD = gnu99;
				GCC_NO_COMMON_BLOCKS = YES;
				GCC_WARN_64_TO_32_BIT_CONVERSION = YES;
				GCC_WARN_ABOUT_RETURN_TYPE = YES_ERROR;
				GCC_WARN_UNDECLARED_SELECTOR = YES;
				GCC_WARN_UNINITIALIZED_AUTOS = YES_AGGRESSIVE;
				GCC_WARN_UNUSED_FUNCTION = YES;
				GCC_WARN_UNUSED_VARIABLE = YES;
				IPHONEOS_DEPLOYMENT_TARGET = 9.3;
				MTL_ENABLE_DEBUG_INFO = NO;
				SDKROOT = iphoneos;
				VALIDATE_PRODUCT = YES;
			};
			name = Release;
		};
		7C8E22841D868818001629A7 /* Debug */ = {
			isa = XCBuildConfiguration;
			baseConfigurationReference = 7934F90E61BCEC3D83B882EE /* Pods-moa.debug.xcconfig */;
			buildSettings = {
				ASSETCATALOG_COMPILER_APPICON_NAME = AppIcon;
				CODE_SIGN_IDENTITY = "iPhone Developer";
				"CODE_SIGN_IDENTITY[sdk=iphoneos*]" = "iPhone Developer";
				ENABLE_BITCODE = NO;
				FRAMEWORK_SEARCH_PATHS = (
					"$(inherited)",
					"$(PROJECT_DIR)",
				);
				GCC_PRECOMPILE_PREFIX_HEADER = YES;
				GCC_PREFIX_HEADER = "./moa/moa-Prefix.pch";
				INFOPLIST_FILE = moa/Info.plist;
				IPHONEOS_DEPLOYMENT_TARGET = 8.0;
				LD_RUNPATH_SEARCH_PATHS = "$(inherited) @executable_path/Frameworks";
				PRODUCT_BUNDLE_IDENTIFIER = com.datayes.moa;
				PRODUCT_NAME = "$(TARGET_NAME)";
				PROVISIONING_PROFILE = "";
			};
			name = Debug;
		};
		7C8E22851D868818001629A7 /* Release */ = {
			isa = XCBuildConfiguration;
			baseConfigurationReference = 7B2E93E2BEA202F251D97551 /* Pods-moa.release.xcconfig */;
			buildSettings = {
				ASSETCATALOG_COMPILER_APPICON_NAME = AppIcon;
				CODE_SIGN_IDENTITY = "iPhone Developer";
				"CODE_SIGN_IDENTITY[sdk=iphoneos*]" = "iPhone Developer";
				ENABLE_BITCODE = NO;
				FRAMEWORK_SEARCH_PATHS = (
					"$(inherited)",
					"$(PROJECT_DIR)",
				);
				GCC_PRECOMPILE_PREFIX_HEADER = YES;
				GCC_PREFIX_HEADER = "./moa/moa-Prefix.pch";
				INFOPLIST_FILE = moa/Info.plist;
				IPHONEOS_DEPLOYMENT_TARGET = 8.0;
				LD_RUNPATH_SEARCH_PATHS = "$(inherited) @executable_path/Frameworks";
				PRODUCT_BUNDLE_IDENTIFIER = com.datayes.moa;
				PRODUCT_NAME = "$(TARGET_NAME)";
				PROVISIONING_PROFILE = "";
			};
			name = Release;
		};
/* End XCBuildConfiguration section */

/* Begin XCConfigurationList section */
		7C8E22671D868818001629A7 /* Build configuration list for PBXProject "moa" */ = {
			isa = XCConfigurationList;
			buildConfigurations = (
				7C8E22811D868818001629A7 /* Debug */,
				7C8E22821D868818001629A7 /* Release */,
			);
			defaultConfigurationIsVisible = 0;
			defaultConfigurationName = Release;
		};
		7C8E22831D868818001629A7 /* Build configuration list for PBXNativeTarget "moa" */ = {
			isa = XCConfigurationList;
			buildConfigurations = (
				7C8E22841D868818001629A7 /* Debug */,
				7C8E22851D868818001629A7 /* Release */,
			);
			defaultConfigurationIsVisible = 0;
			defaultConfigurationName = Release;
		};
/* End XCConfigurationList section */
	};
	rootObject = 7C8E22641D868818001629A7 /* Project object */;
}
